// !$*UTF8*$!
{
	archiveVersion = 1;
	classes = {
	};
	objectVersion = 46;
	objects = {

/* Begin PBXBuildFile section */
		56C54E11F8B641089D1F9F3A /* libPods-ABAudioPlayerApp.a in Frameworks */ = {isa = PBXBuildFile; fileRef = 9860179816D54FF6AD5ACD5F /* libPods-ABAudioPlayerApp.a */; };
		8A3B9BEA4C514597ACBB5192 /* libPods-ABAudioPlayerMac.a in Frameworks */ = {isa = PBXBuildFile; fileRef = C941DF259B6A417B8B6D4052 /* libPods-ABAudioPlayerMac.a */; };
		FA059948178F040100374DD5 /* UIKit.framework in Frameworks */ = {isa = PBXBuildFile; fileRef = FA059947178F040100374DD5 /* UIKit.framework */; };
		FA05994A178F040100374DD5 /* Foundation.framework in Frameworks */ = {isa = PBXBuildFile; fileRef = FA059949178F040100374DD5 /* Foundation.framework */; };
		FA05994C178F040100374DD5 /* CoreGraphics.framework in Frameworks */ = {isa = PBXBuildFile; fileRef = FA05994B178F040100374DD5 /* CoreGraphics.framework */; };
		FA059952178F040100374DD5 /* InfoPlist.strings in Resources */ = {isa = PBXBuildFile; fileRef = FA059950178F040100374DD5 /* InfoPlist.strings */; };
		FA059954178F040100374DD5 /* main.m in Sources */ = {isa = PBXBuildFile; fileRef = FA059953178F040100374DD5 /* main.m */; };
		FA059958178F040100374DD5 /* ABAppDelegate.m in Sources */ = {isa = PBXBuildFile; fileRef = FA059957178F040100374DD5 /* ABAppDelegate.m */; };
		FA05995A178F040100374DD5 /* Default.png in Resources */ = {isa = PBXBuildFile; fileRef = FA059959178F040100374DD5 /* Default.png */; };
		FA05995C178F040100374DD5 /* Default@2x.png in Resources */ = {isa = PBXBuildFile; fileRef = FA05995B178F040100374DD5 /* Default@2x.png */; };
		FA05995E178F040100374DD5 /* Default-568h@2x.png in Resources */ = {isa = PBXBuildFile; fileRef = FA05995D178F040100374DD5 /* Default-568h@2x.png */; };
		FA059969178F04C500374DD5 /* ABMainViewController.m in Sources */ = {isa = PBXBuildFile; fileRef = FA059967178F04C500374DD5 /* ABMainViewController.m */; };
		FA0DC7AB1818577200048C0A /* ABAudioMagicCookie.m in Sources */ = {isa = PBXBuildFile; fileRef = FA0DC7AA1818577200048C0A /* ABAudioMagicCookie.m */; };
		FA0DC7AC1818577200048C0A /* ABAudioMagicCookie.m in Sources */ = {isa = PBXBuildFile; fileRef = FA0DC7AA1818577200048C0A /* ABAudioMagicCookie.m */; };
		FA417DF117C7819B0083F737 /* NSDictionary+UTF8Key.m in Sources */ = {isa = PBXBuildFile; fileRef = FA417DBF17C7819B0083F737 /* NSDictionary+UTF8Key.m */; };
		FA417DF217C7819B0083F737 /* NSDictionary+UTF8Key.m in Sources */ = {isa = PBXBuildFile; fileRef = FA417DBF17C7819B0083F737 /* NSDictionary+UTF8Key.m */; };
		FA417DF317C7819B0083F737 /* NSError+ABAudioFileReader.m in Sources */ = {isa = PBXBuildFile; fileRef = FA417DC117C7819B0083F737 /* NSError+ABAudioFileReader.m */; };
		FA417DF417C7819B0083F737 /* NSError+ABAudioFileReader.m in Sources */ = {isa = PBXBuildFile; fileRef = FA417DC117C7819B0083F737 /* NSError+ABAudioFileReader.m */; };
		FA417DF517C7819B0083F737 /* NSError+ABAudioPlayer.m in Sources */ = {isa = PBXBuildFile; fileRef = FA417DC317C7819B0083F737 /* NSError+ABAudioPlayer.m */; };
		FA417DF617C7819B0083F737 /* NSError+ABAudioPlayer.m in Sources */ = {isa = PBXBuildFile; fileRef = FA417DC317C7819B0083F737 /* NSError+ABAudioPlayer.m */; };
		FA417DF717C7819B0083F737 /* NSError+ABAudioQueue.m in Sources */ = {isa = PBXBuildFile; fileRef = FA417DC517C7819B0083F737 /* NSError+ABAudioQueue.m */; };
		FA417DF817C7819B0083F737 /* NSError+ABAudioQueue.m in Sources */ = {isa = PBXBuildFile; fileRef = FA417DC517C7819B0083F737 /* NSError+ABAudioQueue.m */; };
		FA417DF917C7819B0083F737 /* NSError+ABAudioReader.m in Sources */ = {isa = PBXBuildFile; fileRef = FA417DC717C7819B0083F737 /* NSError+ABAudioReader.m */; };
		FA417DFA17C7819B0083F737 /* NSError+ABAudioReader.m in Sources */ = {isa = PBXBuildFile; fileRef = FA417DC717C7819B0083F737 /* NSError+ABAudioReader.m */; };
		FA417DFB17C7819B0083F737 /* NSError+Reason.m in Sources */ = {isa = PBXBuildFile; fileRef = FA417DC917C7819B0083F737 /* NSError+Reason.m */; };
		FA417DFC17C7819B0083F737 /* NSError+Reason.m in Sources */ = {isa = PBXBuildFile; fileRef = FA417DC917C7819B0083F737 /* NSError+Reason.m */; };
		FA417DFD17C7819B0083F737 /* NSString+TimeInterval.m in Sources */ = {isa = PBXBuildFile; fileRef = FA417DCB17C7819B0083F737 /* NSString+TimeInterval.m */; };
		FA417DFE17C7819B0083F737 /* NSString+TimeInterval.m in Sources */ = {isa = PBXBuildFile; fileRef = FA417DCB17C7819B0083F737 /* NSString+TimeInterval.m */; };
		FA417DFF17C7819B0083F737 /* NSString+URL.m in Sources */ = {isa = PBXBuildFile; fileRef = FA417DCD17C7819B0083F737 /* NSString+URL.m */; };
		FA417E0017C7819B0083F737 /* NSString+URL.m in Sources */ = {isa = PBXBuildFile; fileRef = FA417DCD17C7819B0083F737 /* NSString+URL.m */; };
		FA417E0117C7819B0083F737 /* ABExtensionsHelper.m in Sources */ = {isa = PBXBuildFile; fileRef = FA417DD017C7819B0083F737 /* ABExtensionsHelper.m */; };
		FA417E0217C7819B0083F737 /* ABExtensionsHelper.m in Sources */ = {isa = PBXBuildFile; fileRef = FA417DD017C7819B0083F737 /* ABExtensionsHelper.m */; };
		FA417E0317C7819B0083F737 /* ABAudioBuffer.m in Sources */ = {isa = PBXBuildFile; fileRef = FA417DD417C7819B0083F737 /* ABAudioBuffer.m */; };
		FA417E0417C7819B0083F737 /* ABAudioBuffer.m in Sources */ = {isa = PBXBuildFile; fileRef = FA417DD417C7819B0083F737 /* ABAudioBuffer.m */; };
		FA417E0517C7819B0083F737 /* ABAudioFormat.m in Sources */ = {isa = PBXBuildFile; fileRef = FA417DD717C7819B0083F737 /* ABAudioFormat.m */; };
		FA417E0617C7819B0083F737 /* ABAudioFormat.m in Sources */ = {isa = PBXBuildFile; fileRef = FA417DD717C7819B0083F737 /* ABAudioFormat.m */; };
		FA417E0717C7819B0083F737 /* ABAudioMetadata.m in Sources */ = {isa = PBXBuildFile; fileRef = FA417DDA17C7819B0083F737 /* ABAudioMetadata.m */; };
		FA417E0817C7819B0083F737 /* ABAudioMetadata.m in Sources */ = {isa = PBXBuildFile; fileRef = FA417DDA17C7819B0083F737 /* ABAudioMetadata.m */; };
		FA417E0917C7819B0083F737 /* ABAudioPlayer.m in Sources */ = {isa = PBXBuildFile; fileRef = FA417DDD17C7819B0083F737 /* ABAudioPlayer.m */; };
		FA417E0A17C7819B0083F737 /* ABAudioPlayer.m in Sources */ = {isa = PBXBuildFile; fileRef = FA417DDD17C7819B0083F737 /* ABAudioPlayer.m */; };
		FA417E0B17C7819B0083F737 /* ABAudioQueue.m in Sources */ = {isa = PBXBuildFile; fileRef = FA417DE317C7819B0083F737 /* ABAudioQueue.m */; };
		FA417E0C17C7819B0083F737 /* ABAudioQueue.m in Sources */ = {isa = PBXBuildFile; fileRef = FA417DE317C7819B0083F737 /* ABAudioQueue.m */; };
		FA417E0D17C7819B0083F737 /* ABAudioQueueBuilder.m in Sources */ = {isa = PBXBuildFile; fileRef = FA417DE617C7819B0083F737 /* ABAudioQueueBuilder.m */; };
		FA417E0E17C7819B0083F737 /* ABAudioQueueBuilder.m in Sources */ = {isa = PBXBuildFile; fileRef = FA417DE617C7819B0083F737 /* ABAudioQueueBuilder.m */; };
		FA417E0F17C7819B0083F737 /* ABAudioQueueTime.m in Sources */ = {isa = PBXBuildFile; fileRef = FA417DE917C7819B0083F737 /* ABAudioQueueTime.m */; };
		FA417E1017C7819B0083F737 /* ABAudioQueueTime.m in Sources */ = {isa = PBXBuildFile; fileRef = FA417DE917C7819B0083F737 /* ABAudioQueueTime.m */; };
		FA417E1117C7819B0083F737 /* ABAudioUnitBuilder.m in Sources */ = {isa = PBXBuildFile; fileRef = FA417DED17C7819B0083F737 /* ABAudioUnitBuilder.m */; };
		FA417E1217C7819B0083F737 /* ABAudioUnitBuilder.m in Sources */ = {isa = PBXBuildFile; fileRef = FA417DED17C7819B0083F737 /* ABAudioUnitBuilder.m */; };
		FA417E1317C7819B0083F737 /* ABAudioFileReader.m in Sources */ = {isa = PBXBuildFile; fileRef = FA417DF017C7819B0083F737 /* ABAudioFileReader.m */; };
		FA417E1417C7819B0083F737 /* ABAudioFileReader.m in Sources */ = {isa = PBXBuildFile; fileRef = FA417DF017C7819B0083F737 /* ABAudioFileReader.m */; };
		FA6194C017BE32EB007923D4 /* AVFoundation.framework in Frameworks */ = {isa = PBXBuildFile; fileRef = FA6194BF17BE32EB007923D4 /* AVFoundation.framework */; };
		FA6194C217BE32F3007923D4 /* AudioToolbox.framework in Frameworks */ = {isa = PBXBuildFile; fileRef = FA6194C117BE32F3007923D4 /* AudioToolbox.framework */; };
		FA701BCC1981558700D3EB2D /* ABAudioQueueHelper.m in Sources */ = {isa = PBXBuildFile; fileRef = FA701BCB1981558700D3EB2D /* ABAudioQueueHelper.m */; };
		FAA58D9D179EC10E0087A4CE /* AudioToolbox.framework in Frameworks */ = {isa = PBXBuildFile; fileRef = FAA58D9C179EC10E0087A4CE /* AudioToolbox.framework */; };
		FAA58D9F179EC1480087A4CE /* AVFoundation.framework in Frameworks */ = {isa = PBXBuildFile; fileRef = FAA58D9E179EC1480087A4CE /* AVFoundation.framework */; };
		FAF50D89180D359400DAE962 /* Images.xcassets in Resources */ = {isa = PBXBuildFile; fileRef = FAF50D88180D359400DAE962 /* Images.xcassets */; };
		FAF50D8B180D35B400DAE962 /* Storyboard.storyboard in Resources */ = {isa = PBXBuildFile; fileRef = FAF50D8A180D35B400DAE962 /* Storyboard.storyboard */; };
		FAF50D91180D519600DAE962 /* ABSeekableFileReader.m in Sources */ = {isa = PBXBuildFile; fileRef = FAF50D90180D519600DAE962 /* ABSeekableFileReader.m */; };
		FAF50D92180D519600DAE962 /* ABSeekableFileReader.m in Sources */ = {isa = PBXBuildFile; fileRef = FAF50D90180D519600DAE962 /* ABSeekableFileReader.m */; };
		FAFAE1E1178FF7A5009B48E3 /* Cocoa.framework in Frameworks */ = {isa = PBXBuildFile; fileRef = FAFAE1E0178FF7A5009B48E3 /* Cocoa.framework */; };
		FAFAE1EB178FF7A5009B48E3 /* InfoPlist.strings in Resources */ = {isa = PBXBuildFile; fileRef = FAFAE1E9178FF7A5009B48E3 /* InfoPlist.strings */; };
		FAFAE1ED178FF7A5009B48E3 /* main.m in Sources */ = {isa = PBXBuildFile; fileRef = FAFAE1EC178FF7A5009B48E3 /* main.m */; };
		FAFAE1F1178FF7A5009B48E3 /* Credits.rtf in Resources */ = {isa = PBXBuildFile; fileRef = FAFAE1EF178FF7A5009B48E3 /* Credits.rtf */; };
		FAFAE1F4178FF7A5009B48E3 /* ABAppDelegate.m in Sources */ = {isa = PBXBuildFile; fileRef = FAFAE1F3178FF7A5009B48E3 /* ABAppDelegate.m */; };
		FAFAE1F7178FF7A5009B48E3 /* MainMenu.xib in Resources */ = {isa = PBXBuildFile; fileRef = FAFAE1F5178FF7A5009B48E3 /* MainMenu.xib */; };
		FAFAE206179010C1009B48E3 /* ABWindowController.m in Sources */ = {isa = PBXBuildFile; fileRef = FAFAE204179010C1009B48E3 /* ABWindowController.m */; };
		FAFAE207179010C1009B48E3 /* ABWindowController.xib in Resources */ = {isa = PBXBuildFile; fileRef = FAFAE205179010C1009B48E3 /* ABWindowController.xib */; };
		FAFAE20C17901155009B48E3 /* ABPlayerViewController.m in Sources */ = {isa = PBXBuildFile; fileRef = FAFAE20A17901155009B48E3 /* ABPlayerViewController.m */; };
		FAFAE20D17901155009B48E3 /* ABPlayerViewController.xib in Resources */ = {isa = PBXBuildFile; fileRef = FAFAE20B17901155009B48E3 /* ABPlayerViewController.xib */; };
		FAFAE211179017D9009B48E3 /* NSWindowController+Controller.m in Sources */ = {isa = PBXBuildFile; fileRef = FAFAE210179017D9009B48E3 /* NSWindowController+Controller.m */; };
		FAFAE21417901857009B48E3 /* NSViewController+Controller.m in Sources */ = {isa = PBXBuildFile; fileRef = FAFAE21317901857009B48E3 /* NSViewController+Controller.m */; };
/* End PBXBuildFile section */

/* Begin PBXFileReference section */
		6A25045D40324D7EA40FFF16 /* Pods-ABAudioPlayerApp.xcconfig */ = {isa = PBXFileReference; includeInIndex = 1; lastKnownFileType = text.xcconfig; name = "Pods-ABAudioPlayerApp.xcconfig"; path = "Pods/Pods-ABAudioPlayerApp.xcconfig"; sourceTree = "<group>"; };
		6E397F3BCA1E465689883FC9 /* Pods-ABAudioPlayerMac.xcconfig */ = {isa = PBXFileReference; includeInIndex = 1; lastKnownFileType = text.xcconfig; name = "Pods-ABAudioPlayerMac.xcconfig"; path = "Pods/Pods-ABAudioPlayerMac.xcconfig"; sourceTree = "<group>"; };
		9860179816D54FF6AD5ACD5F /* libPods-ABAudioPlayerApp.a */ = {isa = PBXFileReference; explicitFileType = archive.ar; includeInIndex = 0; path = "libPods-ABAudioPlayerApp.a"; sourceTree = BUILT_PRODUCTS_DIR; };
		C941DF259B6A417B8B6D4052 /* libPods-ABAudioPlayerMac.a */ = {isa = PBXFileReference; explicitFileType = archive.ar; includeInIndex = 0; path = "libPods-ABAudioPlayerMac.a"; sourceTree = BUILT_PRODUCTS_DIR; };
		FA059944178F040100374DD5 /* ABAudioPlayerApp.app */ = {isa = PBXFileReference; explicitFileType = wrapper.application; includeInIndex = 0; path = ABAudioPlayerApp.app; sourceTree = BUILT_PRODUCTS_DIR; };
		FA059947178F040100374DD5 /* UIKit.framework */ = {isa = PBXFileReference; lastKnownFileType = wrapper.framework; name = UIKit.framework; path = System/Library/Frameworks/UIKit.framework; sourceTree = SDKROOT; };
		FA059949178F040100374DD5 /* Foundation.framework */ = {isa = PBXFileReference; lastKnownFileType = wrapper.framework; name = Foundation.framework; path = System/Library/Frameworks/Foundation.framework; sourceTree = SDKROOT; };
		FA05994B178F040100374DD5 /* CoreGraphics.framework */ = {isa = PBXFileReference; lastKnownFileType = wrapper.framework; name = CoreGraphics.framework; path = System/Library/Frameworks/CoreGraphics.framework; sourceTree = SDKROOT; };
		FA05994F178F040100374DD5 /* ABAudioPlayerApp-Info.plist */ = {isa = PBXFileReference; lastKnownFileType = text.plist.xml; path = "ABAudioPlayerApp-Info.plist"; sourceTree = "<group>"; };
		FA059951178F040100374DD5 /* en */ = {isa = PBXFileReference; lastKnownFileType = text.plist.strings; name = en; path = en.lproj/InfoPlist.strings; sourceTree = "<group>"; };
		FA059953178F040100374DD5 /* main.m */ = {isa = PBXFileReference; lastKnownFileType = sourcecode.c.objc; path = main.m; sourceTree = "<group>"; };
		FA059955178F040100374DD5 /* ABAudioPlayerApp-Prefix.pch */ = {isa = PBXFileReference; lastKnownFileType = sourcecode.c.h; path = "ABAudioPlayerApp-Prefix.pch"; sourceTree = "<group>"; };
		FA059956178F040100374DD5 /* ABAppDelegate.h */ = {isa = PBXFileReference; lastKnownFileType = sourcecode.c.h; path = ABAppDelegate.h; sourceTree = "<group>"; };
		FA059957178F040100374DD5 /* ABAppDelegate.m */ = {isa = PBXFileReference; lastKnownFileType = sourcecode.c.objc; path = ABAppDelegate.m; sourceTree = "<group>"; };
		FA059959178F040100374DD5 /* Default.png */ = {isa = PBXFileReference; lastKnownFileType = image.png; path = Default.png; sourceTree = "<group>"; };
		FA05995B178F040100374DD5 /* Default@2x.png */ = {isa = PBXFileReference; lastKnownFileType = image.png; path = "Default@2x.png"; sourceTree = "<group>"; };
		FA05995D178F040100374DD5 /* Default-568h@2x.png */ = {isa = PBXFileReference; lastKnownFileType = image.png; path = "Default-568h@2x.png"; sourceTree = "<group>"; };
		FA059966178F04C500374DD5 /* ABMainViewController.h */ = {isa = PBXFileReference; fileEncoding = 4; lastKnownFileType = sourcecode.c.h; path = ABMainViewController.h; sourceTree = "<group>"; };
		FA059967178F04C500374DD5 /* ABMainViewController.m */ = {isa = PBXFileReference; fileEncoding = 4; lastKnownFileType = sourcecode.c.objc; path = ABMainViewController.m; sourceTree = "<group>"; };
		FA0DC7A91818577200048C0A /* ABAudioMagicCookie.h */ = {isa = PBXFileReference; fileEncoding = 4; lastKnownFileType = sourcecode.c.h; name = ABAudioMagicCookie.h; path = MagicCookie/ABAudioMagicCookie.h; sourceTree = "<group>"; };
		FA0DC7AA1818577200048C0A /* ABAudioMagicCookie.m */ = {isa = PBXFileReference; fileEncoding = 4; lastKnownFileType = sourcecode.c.objc; name = ABAudioMagicCookie.m; path = MagicCookie/ABAudioMagicCookie.m; sourceTree = "<group>"; };
		FA417DBE17C7819B0083F737 /* NSDictionary+UTF8Key.h */ = {isa = PBXFileReference; fileEncoding = 4; lastKnownFileType = sourcecode.c.h; path = "NSDictionary+UTF8Key.h"; sourceTree = "<group>"; };
		FA417DBF17C7819B0083F737 /* NSDictionary+UTF8Key.m */ = {isa = PBXFileReference; fileEncoding = 4; lastKnownFileType = sourcecode.c.objc; path = "NSDictionary+UTF8Key.m"; sourceTree = "<group>"; };
		FA417DC017C7819B0083F737 /* NSError+ABAudioFileReader.h */ = {isa = PBXFileReference; fileEncoding = 4; lastKnownFileType = sourcecode.c.h; path = "NSError+ABAudioFileReader.h"; sourceTree = "<group>"; };
		FA417DC117C7819B0083F737 /* NSError+ABAudioFileReader.m */ = {isa = PBXFileReference; fileEncoding = 4; lastKnownFileType = sourcecode.c.objc; path = "NSError+ABAudioFileReader.m"; sourceTree = "<group>"; };
		FA417DC217C7819B0083F737 /* NSError+ABAudioPlayer.h */ = {isa = PBXFileReference; fileEncoding = 4; lastKnownFileType = sourcecode.c.h; path = "NSError+ABAudioPlayer.h"; sourceTree = "<group>"; };
		FA417DC317C7819B0083F737 /* NSError+ABAudioPlayer.m */ = {isa = PBXFileReference; fileEncoding = 4; lastKnownFileType = sourcecode.c.objc; path = "NSError+ABAudioPlayer.m"; sourceTree = "<group>"; };
		FA417DC417C7819B0083F737 /* NSError+ABAudioQueue.h */ = {isa = PBXFileReference; fileEncoding = 4; lastKnownFileType = sourcecode.c.h; path = "NSError+ABAudioQueue.h"; sourceTree = "<group>"; };
		FA417DC517C7819B0083F737 /* NSError+ABAudioQueue.m */ = {isa = PBXFileReference; fileEncoding = 4; lastKnownFileType = sourcecode.c.objc; path = "NSError+ABAudioQueue.m"; sourceTree = "<group>"; };
		FA417DC617C7819B0083F737 /* NSError+ABAudioReader.h */ = {isa = PBXFileReference; fileEncoding = 4; lastKnownFileType = sourcecode.c.h; path = "NSError+ABAudioReader.h"; sourceTree = "<group>"; };
		FA417DC717C7819B0083F737 /* NSError+ABAudioReader.m */ = {isa = PBXFileReference; fileEncoding = 4; lastKnownFileType = sourcecode.c.objc; path = "NSError+ABAudioReader.m"; sourceTree = "<group>"; };
		FA417DC817C7819B0083F737 /* NSError+Reason.h */ = {isa = PBXFileReference; fileEncoding = 4; lastKnownFileType = sourcecode.c.h; path = "NSError+Reason.h"; sourceTree = "<group>"; };
		FA417DC917C7819B0083F737 /* NSError+Reason.m */ = {isa = PBXFileReference; fileEncoding = 4; lastKnownFileType = sourcecode.c.objc; path = "NSError+Reason.m"; sourceTree = "<group>"; };
		FA417DCA17C7819B0083F737 /* NSString+TimeInterval.h */ = {isa = PBXFileReference; fileEncoding = 4; lastKnownFileType = sourcecode.c.h; path = "NSString+TimeInterval.h"; sourceTree = "<group>"; };
		FA417DCB17C7819B0083F737 /* NSString+TimeInterval.m */ = {isa = PBXFileReference; fileEncoding = 4; lastKnownFileType = sourcecode.c.objc; path = "NSString+TimeInterval.m"; sourceTree = "<group>"; };
		FA417DCC17C7819B0083F737 /* NSString+URL.h */ = {isa = PBXFileReference; fileEncoding = 4; lastKnownFileType = sourcecode.c.h; path = "NSString+URL.h"; sourceTree = "<group>"; };
		FA417DCD17C7819B0083F737 /* NSString+URL.m */ = {isa = PBXFileReference; fileEncoding = 4; lastKnownFileType = sourcecode.c.objc; path = "NSString+URL.m"; sourceTree = "<group>"; };
		FA417DCF17C7819B0083F737 /* ABExtensionsHelper.h */ = {isa = PBXFileReference; fileEncoding = 4; lastKnownFileType = sourcecode.c.h; path = ABExtensionsHelper.h; sourceTree = "<group>"; };
		FA417DD017C7819B0083F737 /* ABExtensionsHelper.m */ = {isa = PBXFileReference; fileEncoding = 4; lastKnownFileType = sourcecode.c.objc; path = ABExtensionsHelper.m; sourceTree = "<group>"; };
		FA417DD317C7819B0083F737 /* ABAudioBuffer.h */ = {isa = PBXFileReference; fileEncoding = 4; lastKnownFileType = sourcecode.c.h; path = ABAudioBuffer.h; sourceTree = "<group>"; };
		FA417DD417C7819B0083F737 /* ABAudioBuffer.m */ = {isa = PBXFileReference; fileEncoding = 4; lastKnownFileType = sourcecode.c.objc; path = ABAudioBuffer.m; sourceTree = "<group>"; };
		FA417DD617C7819B0083F737 /* ABAudioFormat.h */ = {isa = PBXFileReference; fileEncoding = 4; lastKnownFileType = sourcecode.c.h; path = ABAudioFormat.h; sourceTree = "<group>"; };
		FA417DD717C7819B0083F737 /* ABAudioFormat.m */ = {isa = PBXFileReference; fileEncoding = 4; lastKnownFileType = sourcecode.c.objc; path = ABAudioFormat.m; sourceTree = "<group>"; };
		FA417DD917C7819B0083F737 /* ABAudioMetadata.h */ = {isa = PBXFileReference; fileEncoding = 4; lastKnownFileType = sourcecode.c.h; path = ABAudioMetadata.h; sourceTree = "<group>"; };
		FA417DDA17C7819B0083F737 /* ABAudioMetadata.m */ = {isa = PBXFileReference; fileEncoding = 4; lastKnownFileType = sourcecode.c.objc; path = ABAudioMetadata.m; sourceTree = "<group>"; };
		FA417DDC17C7819B0083F737 /* ABAudioPlayer.h */ = {isa = PBXFileReference; fileEncoding = 4; lastKnownFileType = sourcecode.c.h; path = ABAudioPlayer.h; sourceTree = "<group>"; };
		FA417DDD17C7819B0083F737 /* ABAudioPlayer.m */ = {isa = PBXFileReference; fileEncoding = 4; lastKnownFileType = sourcecode.c.objc; path = ABAudioPlayer.m; sourceTree = "<group>"; };
		FA417DDE17C7819B0083F737 /* ABAudioPlayerDelegate.h */ = {isa = PBXFileReference; fileEncoding = 4; lastKnownFileType = sourcecode.c.h; path = ABAudioPlayerDelegate.h; sourceTree = "<group>"; };
		FA417DE017C7819B0083F737 /* ABAudioUnitProtocol.h */ = {isa = PBXFileReference; fileEncoding = 4; lastKnownFileType = sourcecode.c.h; path = ABAudioUnitProtocol.h; sourceTree = "<group>"; };
		FA417DE217C7819B0083F737 /* ABAudioQueue.h */ = {isa = PBXFileReference; fileEncoding = 4; lastKnownFileType = sourcecode.c.h; path = ABAudioQueue.h; sourceTree = "<group>"; };
		FA417DE317C7819B0083F737 /* ABAudioQueue.m */ = {isa = PBXFileReference; fileEncoding = 4; lastKnownFileType = sourcecode.c.objc; path = ABAudioQueue.m; sourceTree = "<group>"; };
		FA417DE517C7819B0083F737 /* ABAudioQueueBuilder.h */ = {isa = PBXFileReference; fileEncoding = 4; lastKnownFileType = sourcecode.c.h; path = ABAudioQueueBuilder.h; sourceTree = "<group>"; };
		FA417DE617C7819B0083F737 /* ABAudioQueueBuilder.m */ = {isa = PBXFileReference; fileEncoding = 4; lastKnownFileType = sourcecode.c.objc; path = ABAudioQueueBuilder.m; sourceTree = "<group>"; };
		FA417DE817C7819B0083F737 /* ABAudioQueueTime.h */ = {isa = PBXFileReference; fileEncoding = 4; lastKnownFileType = sourcecode.c.h; path = ABAudioQueueTime.h; sourceTree = "<group>"; };
		FA417DE917C7819B0083F737 /* ABAudioQueueTime.m */ = {isa = PBXFileReference; fileEncoding = 4; lastKnownFileType = sourcecode.c.objc; path = ABAudioQueueTime.m; sourceTree = "<group>"; };
		FA417DEC17C7819B0083F737 /* ABAudioUnitBuilder.h */ = {isa = PBXFileReference; fileEncoding = 4; lastKnownFileType = sourcecode.c.h; path = ABAudioUnitBuilder.h; sourceTree = "<group>"; };
		FA417DED17C7819B0083F737 /* ABAudioUnitBuilder.m */ = {isa = PBXFileReference; fileEncoding = 4; lastKnownFileType = sourcecode.c.objc; path = ABAudioUnitBuilder.m; sourceTree = "<group>"; };
		FA417DEF17C7819B0083F737 /* ABAudioFileReader.h */ = {isa = PBXFileReference; fileEncoding = 4; lastKnownFileType = sourcecode.c.h; path = ABAudioFileReader.h; sourceTree = "<group>"; };
		FA417DF017C7819B0083F737 /* ABAudioFileReader.m */ = {isa = PBXFileReference; fileEncoding = 4; lastKnownFileType = sourcecode.c.objc; path = ABAudioFileReader.m; sourceTree = "<group>"; };
		FA417E1517C782160083F737 /* ABAudioQueueDataSource.h */ = {isa = PBXFileReference; fileEncoding = 4; lastKnownFileType = sourcecode.c.h; path = ABAudioQueueDataSource.h; sourceTree = "<group>"; };
		FA6194BF17BE32EB007923D4 /* AVFoundation.framework */ = {isa = PBXFileReference; lastKnownFileType = wrapper.framework; name = AVFoundation.framework; path = Platforms/MacOSX.platform/Developer/SDKs/MacOSX10.8.sdk/System/Library/Frameworks/AVFoundation.framework; sourceTree = DEVELOPER_DIR; };
		FA6194C117BE32F3007923D4 /* AudioToolbox.framework */ = {isa = PBXFileReference; lastKnownFileType = wrapper.framework; name = AudioToolbox.framework; path = Platforms/MacOSX.platform/Developer/SDKs/MacOSX10.8.sdk/System/Library/Frameworks/AudioToolbox.framework; sourceTree = DEVELOPER_DIR; };
		FA701BCA1981558700D3EB2D /* ABAudioQueueHelper.h */ = {isa = PBXFileReference; fileEncoding = 4; lastKnownFileType = sourcecode.c.h; name = ABAudioQueueHelper.h; path = Helper/ABAudioQueueHelper.h; sourceTree = "<group>"; };
		FA701BCB1981558700D3EB2D /* ABAudioQueueHelper.m */ = {isa = PBXFileReference; fileEncoding = 4; lastKnownFileType = sourcecode.c.objc; name = ABAudioQueueHelper.m; path = Helper/ABAudioQueueHelper.m; sourceTree = "<group>"; };
		FAA0237317BE673900C33346 /* ABMacAudioPath.h */ = {isa = PBXFileReference; lastKnownFileType = sourcecode.c.h; path = ABMacAudioPath.h; sourceTree = "<group>"; };
		FAA0237517BE67E400C33346 /* ABIOSAudioPath.h */ = {isa = PBXFileReference; lastKnownFileType = sourcecode.c.h; path = ABIOSAudioPath.h; sourceTree = "<group>"; };
		FAA58D9C179EC10E0087A4CE /* AudioToolbox.framework */ = {isa = PBXFileReference; lastKnownFileType = wrapper.framework; name = AudioToolbox.framework; path = System/Library/Frameworks/AudioToolbox.framework; sourceTree = SDKROOT; };
		FAA58D9E179EC1480087A4CE /* AVFoundation.framework */ = {isa = PBXFileReference; lastKnownFileType = wrapper.framework; name = AVFoundation.framework; path = System/Library/Frameworks/AVFoundation.framework; sourceTree = SDKROOT; };
		FAED2550197EDABF00F1C4E3 /* macros_extra.h */ = {isa = PBXFileReference; lastKnownFileType = sourcecode.c.h; name = macros_extra.h; path = ../../../blocks/macros_extra.h; sourceTree = "<group>"; };
		FAED2551197EDB8300F1C4E3 /* macros_all.h */ = {isa = PBXFileReference; lastKnownFileType = sourcecode.c.h; name = macros_all.h; path = ../../../blocks/macros_all.h; sourceTree = "<group>"; };
		FAF50D88180D359400DAE962 /* Images.xcassets */ = {isa = PBXFileReference; lastKnownFileType = folder.assetcatalog; path = Images.xcassets; sourceTree = "<group>"; };
		FAF50D8A180D35B400DAE962 /* Storyboard.storyboard */ = {isa = PBXFileReference; fileEncoding = 4; lastKnownFileType = file.storyboard; path = Storyboard.storyboard; sourceTree = "<group>"; };
		FAF50D8F180D519600DAE962 /* ABSeekableFileReader.h */ = {isa = PBXFileReference; fileEncoding = 4; lastKnownFileType = sourcecode.c.h; path = ABSeekableFileReader.h; sourceTree = "<group>"; };
		FAF50D90180D519600DAE962 /* ABSeekableFileReader.m */ = {isa = PBXFileReference; fileEncoding = 4; lastKnownFileType = sourcecode.c.objc; path = ABSeekableFileReader.m; sourceTree = "<group>"; };
		FAFAE1DF178FF7A5009B48E3 /* ABAudioPlayerMac.app */ = {isa = PBXFileReference; explicitFileType = wrapper.application; includeInIndex = 0; path = ABAudioPlayerMac.app; sourceTree = BUILT_PRODUCTS_DIR; };
		FAFAE1E0178FF7A5009B48E3 /* Cocoa.framework */ = {isa = PBXFileReference; lastKnownFileType = wrapper.framework; name = Cocoa.framework; path = Library/Frameworks/Cocoa.framework; sourceTree = DEVELOPER_DIR; };
		FAFAE1E3178FF7A5009B48E3 /* AppKit.framework */ = {isa = PBXFileReference; lastKnownFileType = wrapper.framework; name = AppKit.framework; path = Library/Frameworks/AppKit.framework; sourceTree = SDKROOT; };
		FAFAE1E4178FF7A5009B48E3 /* CoreData.framework */ = {isa = PBXFileReference; lastKnownFileType = wrapper.framework; name = CoreData.framework; path = Library/Frameworks/CoreData.framework; sourceTree = SDKROOT; };
		FAFAE1E5178FF7A5009B48E3 /* Foundation.framework */ = {isa = PBXFileReference; lastKnownFileType = wrapper.framework; name = Foundation.framework; path = Library/Frameworks/Foundation.framework; sourceTree = SDKROOT; };
		FAFAE1E8178FF7A5009B48E3 /* ABAudioPlayerMac-Info.plist */ = {isa = PBXFileReference; lastKnownFileType = text.plist.xml; path = "ABAudioPlayerMac-Info.plist"; sourceTree = "<group>"; };
		FAFAE1EA178FF7A5009B48E3 /* en */ = {isa = PBXFileReference; lastKnownFileType = text.plist.strings; name = en; path = en.lproj/InfoPlist.strings; sourceTree = "<group>"; };
		FAFAE1EC178FF7A5009B48E3 /* main.m */ = {isa = PBXFileReference; lastKnownFileType = sourcecode.c.objc; path = main.m; sourceTree = "<group>"; };
		FAFAE1EE178FF7A5009B48E3 /* ABAudioPlayerMac-Prefix.pch */ = {isa = PBXFileReference; lastKnownFileType = sourcecode.c.h; path = "ABAudioPlayerMac-Prefix.pch"; sourceTree = "<group>"; };
		FAFAE1F0178FF7A5009B48E3 /* en */ = {isa = PBXFileReference; lastKnownFileType = text.rtf; name = en; path = en.lproj/Credits.rtf; sourceTree = "<group>"; };
		FAFAE1F2178FF7A5009B48E3 /* ABAppDelegate.h */ = {isa = PBXFileReference; lastKnownFileType = sourcecode.c.h; path = ABAppDelegate.h; sourceTree = "<group>"; };
		FAFAE1F3178FF7A5009B48E3 /* ABAppDelegate.m */ = {isa = PBXFileReference; lastKnownFileType = sourcecode.c.objc; path = ABAppDelegate.m; sourceTree = "<group>"; };
		FAFAE1F6178FF7A5009B48E3 /* en */ = {isa = PBXFileReference; lastKnownFileType = file.xib; name = en; path = en.lproj/MainMenu.xib; sourceTree = "<group>"; };
		FAFAE203179010C1009B48E3 /* ABWindowController.h */ = {isa = PBXFileReference; fileEncoding = 4; lastKnownFileType = sourcecode.c.h; path = ABWindowController.h; sourceTree = "<group>"; };
		FAFAE204179010C1009B48E3 /* ABWindowController.m */ = {isa = PBXFileReference; fileEncoding = 4; lastKnownFileType = sourcecode.c.objc; path = ABWindowController.m; sourceTree = "<group>"; };
		FAFAE205179010C1009B48E3 /* ABWindowController.xib */ = {isa = PBXFileReference; fileEncoding = 4; lastKnownFileType = file.xib; path = ABWindowController.xib; sourceTree = "<group>"; };
		FAFAE20917901155009B48E3 /* ABPlayerViewController.h */ = {isa = PBXFileReference; fileEncoding = 4; lastKnownFileType = sourcecode.c.h; path = ABPlayerViewController.h; sourceTree = "<group>"; };
		FAFAE20A17901155009B48E3 /* ABPlayerViewController.m */ = {isa = PBXFileReference; fileEncoding = 4; lastKnownFileType = sourcecode.c.objc; path = ABPlayerViewController.m; sourceTree = "<group>"; };
		FAFAE20B17901155009B48E3 /* ABPlayerViewController.xib */ = {isa = PBXFileReference; fileEncoding = 4; lastKnownFileType = file.xib; path = ABPlayerViewController.xib; sourceTree = "<group>"; };
		FAFAE20F179017D9009B48E3 /* NSWindowController+Controller.h */ = {isa = PBXFileReference; fileEncoding = 4; lastKnownFileType = sourcecode.c.h; path = "NSWindowController+Controller.h"; sourceTree = "<group>"; };
		FAFAE210179017D9009B48E3 /* NSWindowController+Controller.m */ = {isa = PBXFileReference; fileEncoding = 4; lastKnownFileType = sourcecode.c.objc; path = "NSWindowController+Controller.m"; sourceTree = "<group>"; };
		FAFAE21217901856009B48E3 /* NSViewController+Controller.h */ = {isa = PBXFileReference; fileEncoding = 4; lastKnownFileType = sourcecode.c.h; path = "NSViewController+Controller.h"; sourceTree = "<group>"; };
		FAFAE21317901857009B48E3 /* NSViewController+Controller.m */ = {isa = PBXFileReference; fileEncoding = 4; lastKnownFileType = sourcecode.c.objc; path = "NSViewController+Controller.m"; sourceTree = "<group>"; };
/* End PBXFileReference section */

/* Begin PBXFrameworksBuildPhase section */
		FA059941178F040100374DD5 /* Frameworks */ = {
			isa = PBXFrameworksBuildPhase;
			buildActionMask = 2147483647;
			files = (
				FAA58D9F179EC1480087A4CE /* AVFoundation.framework in Frameworks */,
				FAA58D9D179EC10E0087A4CE /* AudioToolbox.framework in Frameworks */,
				FA059948178F040100374DD5 /* UIKit.framework in Frameworks */,
				FA05994A178F040100374DD5 /* Foundation.framework in Frameworks */,
				FA05994C178F040100374DD5 /* CoreGraphics.framework in Frameworks */,
				56C54E11F8B641089D1F9F3A /* libPods-ABAudioPlayerApp.a in Frameworks */,
			);
			runOnlyForDeploymentPostprocessing = 0;
		};
		FAFAE1DC178FF7A5009B48E3 /* Frameworks */ = {
			isa = PBXFrameworksBuildPhase;
			buildActionMask = 2147483647;
			files = (
				FA6194C217BE32F3007923D4 /* AudioToolbox.framework in Frameworks */,
				FA6194C017BE32EB007923D4 /* AVFoundation.framework in Frameworks */,
				FAFAE1E1178FF7A5009B48E3 /* Cocoa.framework in Frameworks */,
				8A3B9BEA4C514597ACBB5192 /* libPods-ABAudioPlayerMac.a in Frameworks */,
			);
			runOnlyForDeploymentPostprocessing = 0;
		};
/* End PBXFrameworksBuildPhase section */

/* Begin PBXGroup section */
		FA05993B178F040100374DD5 = {
			isa = PBXGroup;
			children = (
				FA417DB917C7819B0083F737 /* Classes */,
				FA05994D178F040100374DD5 /* ABAudioPlayerApp */,
				FAFAE1E6178FF7A5009B48E3 /* ABAudioPlayerMac */,
				FA059946178F040100374DD5 /* Frameworks */,
				FA059945178F040100374DD5 /* Products */,
				6A25045D40324D7EA40FFF16 /* Pods-ABAudioPlayerApp.xcconfig */,
				6E397F3BCA1E465689883FC9 /* Pods-ABAudioPlayerMac.xcconfig */,
			);
			sourceTree = "<group>";
		};
		FA059945178F040100374DD5 /* Products */ = {
			isa = PBXGroup;
			children = (
				FA059944178F040100374DD5 /* ABAudioPlayerApp.app */,
				FAFAE1DF178FF7A5009B48E3 /* ABAudioPlayerMac.app */,
			);
			name = Products;
			sourceTree = "<group>";
		};
		FA059946178F040100374DD5 /* Frameworks */ = {
			isa = PBXGroup;
			children = (
				FA6194C117BE32F3007923D4 /* AudioToolbox.framework */,
				FA6194BF17BE32EB007923D4 /* AVFoundation.framework */,
				FAA58D9E179EC1480087A4CE /* AVFoundation.framework */,
				FAA58D9C179EC10E0087A4CE /* AudioToolbox.framework */,
				FA059947178F040100374DD5 /* UIKit.framework */,
				FA059949178F040100374DD5 /* Foundation.framework */,
				FA05994B178F040100374DD5 /* CoreGraphics.framework */,
				FAFAE1E0178FF7A5009B48E3 /* Cocoa.framework */,
				FAFAE1E2178FF7A5009B48E3 /* Other Frameworks */,
				9860179816D54FF6AD5ACD5F /* libPods-ABAudioPlayerApp.a */,
				C941DF259B6A417B8B6D4052 /* libPods-ABAudioPlayerMac.a */,
			);
			name = Frameworks;
			sourceTree = "<group>";
		};
		FA05994D178F040100374DD5 /* ABAudioPlayerApp */ = {
			isa = PBXGroup;
			children = (
				FAA0237617BE67EF00C33346 /* iOS Audio Path */,
				FA059965178F048200374DD5 /* Controllers */,
				FA059964178F046700374DD5 /* App Delegate */,
				FAF50D88180D359400DAE962 /* Images.xcassets */,
				FA05994E178F040100374DD5 /* Supporting Files */,
			);
			path = ABAudioPlayerApp;
			sourceTree = "<group>";
		};
		FA05994E178F040100374DD5 /* Supporting Files */ = {
			isa = PBXGroup;
			children = (
				FA05994F178F040100374DD5 /* ABAudioPlayerApp-Info.plist */,
				FA059950178F040100374DD5 /* InfoPlist.strings */,
				FA059953178F040100374DD5 /* main.m */,
				FA059955178F040100374DD5 /* ABAudioPlayerApp-Prefix.pch */,
				FA059959178F040100374DD5 /* Default.png */,
				FA05995B178F040100374DD5 /* Default@2x.png */,
				FA05995D178F040100374DD5 /* Default-568h@2x.png */,
			);
			name = "Supporting Files";
			sourceTree = "<group>";
		};
		FA059964178F046700374DD5 /* App Delegate */ = {
			isa = PBXGroup;
			children = (
				FA059956178F040100374DD5 /* ABAppDelegate.h */,
				FA059957178F040100374DD5 /* ABAppDelegate.m */,
			);
			name = "App Delegate";
			sourceTree = "<group>";
		};
		FA059965178F048200374DD5 /* Controllers */ = {
			isa = PBXGroup;
			children = (
				FAF50D8A180D35B400DAE962 /* Storyboard.storyboard */,
				FA059966178F04C500374DD5 /* ABMainViewController.h */,
				FA059967178F04C500374DD5 /* ABMainViewController.m */,
			);
			name = Controllers;
			sourceTree = "<group>";
		};
		FA0DC7A81818567500048C0A /* MagicCookie */ = {
			isa = PBXGroup;
			children = (
				FA0DC7A91818577200048C0A /* ABAudioMagicCookie.h */,
				FA0DC7AA1818577200048C0A /* ABAudioMagicCookie.m */,
			);
			name = MagicCookie;
			sourceTree = "<group>";
		};
		FA417DB917C7819B0083F737 /* Classes */ = {
			isa = PBXGroup;
			children = (
				FA417DBA17C7819B0083F737 /* Common */,
				FA417DD117C7819B0083F737 /* Data */,
				FA417DDB17C7819B0083F737 /* Player */,
				FA417DDF17C7819B0083F737 /* Protocol */,
				FA417DE117C7819B0083F737 /* Queue */,
				FA417DEA17C7819B0083F737 /* Reader */,
			);
			name = Classes;
			path = ../Classes;
			sourceTree = "<group>";
		};
		FA417DBA17C7819B0083F737 /* Common */ = {
			isa = PBXGroup;
			children = (
				FAED2550197EDABF00F1C4E3 /* macros_extra.h */,
				FA417DBD17C7819B0083F737 /* Categories */,
				FA417DCE17C7819B0083F737 /* Helpers */,
				FAED2551197EDB8300F1C4E3 /* macros_all.h */,
			);
			path = Common;
			sourceTree = "<group>";
		};
		FA417DBD17C7819B0083F737 /* Categories */ = {
			isa = PBXGroup;
			children = (
				FA417DBE17C7819B0083F737 /* NSDictionary+UTF8Key.h */,
				FA417DBF17C7819B0083F737 /* NSDictionary+UTF8Key.m */,
				FA417DC017C7819B0083F737 /* NSError+ABAudioFileReader.h */,
				FA417DC117C7819B0083F737 /* NSError+ABAudioFileReader.m */,
				FA417DC217C7819B0083F737 /* NSError+ABAudioPlayer.h */,
				FA417DC317C7819B0083F737 /* NSError+ABAudioPlayer.m */,
				FA417DC417C7819B0083F737 /* NSError+ABAudioQueue.h */,
				FA417DC517C7819B0083F737 /* NSError+ABAudioQueue.m */,
				FA417DC617C7819B0083F737 /* NSError+ABAudioReader.h */,
				FA417DC717C7819B0083F737 /* NSError+ABAudioReader.m */,
				FA417DC817C7819B0083F737 /* NSError+Reason.h */,
				FA417DC917C7819B0083F737 /* NSError+Reason.m */,
				FA417DCA17C7819B0083F737 /* NSString+TimeInterval.h */,
				FA417DCB17C7819B0083F737 /* NSString+TimeInterval.m */,
				FA417DCC17C7819B0083F737 /* NSString+URL.h */,
				FA417DCD17C7819B0083F737 /* NSString+URL.m */,
			);
			path = Categories;
			sourceTree = "<group>";
		};
		FA417DCE17C7819B0083F737 /* Helpers */ = {
			isa = PBXGroup;
			children = (
				FA417DCF17C7819B0083F737 /* ABExtensionsHelper.h */,
				FA417DD017C7819B0083F737 /* ABExtensionsHelper.m */,
			);
			path = Helpers;
			sourceTree = "<group>";
		};
		FA417DD117C7819B0083F737 /* Data */ = {
			isa = PBXGroup;
			children = (
				FA417DD217C7819B0083F737 /* Buffer */,
				FA417DD517C7819B0083F737 /* Format */,
				FA417DD817C7819B0083F737 /* Metadata */,
				FA0DC7A81818567500048C0A /* MagicCookie */,
			);
			path = Data;
			sourceTree = "<group>";
		};
		FA417DD217C7819B0083F737 /* Buffer */ = {
			isa = PBXGroup;
			children = (
				FA417DD317C7819B0083F737 /* ABAudioBuffer.h */,
				FA417DD417C7819B0083F737 /* ABAudioBuffer.m */,
			);
			path = Buffer;
			sourceTree = "<group>";
		};
		FA417DD517C7819B0083F737 /* Format */ = {
			isa = PBXGroup;
			children = (
				FA417DD617C7819B0083F737 /* ABAudioFormat.h */,
				FA417DD717C7819B0083F737 /* ABAudioFormat.m */,
			);
			path = Format;
			sourceTree = "<group>";
		};
		FA417DD817C7819B0083F737 /* Metadata */ = {
			isa = PBXGroup;
			children = (
				FA417DD917C7819B0083F737 /* ABAudioMetadata.h */,
				FA417DDA17C7819B0083F737 /* ABAudioMetadata.m */,
			);
			path = Metadata;
			sourceTree = "<group>";
		};
		FA417DDB17C7819B0083F737 /* Player */ = {
			isa = PBXGroup;
			children = (
				FA417DDC17C7819B0083F737 /* ABAudioPlayer.h */,
				FA417DDD17C7819B0083F737 /* ABAudioPlayer.m */,
				FA417DDE17C7819B0083F737 /* ABAudioPlayerDelegate.h */,
			);
			path = Player;
			sourceTree = "<group>";
		};
		FA417DDF17C7819B0083F737 /* Protocol */ = {
			isa = PBXGroup;
			children = (
				FA417DE017C7819B0083F737 /* ABAudioUnitProtocol.h */,
			);
			path = Protocol;
			sourceTree = "<group>";
		};
		FA417DE117C7819B0083F737 /* Queue */ = {
			isa = PBXGroup;
			children = (
				FA417E1517C782160083F737 /* ABAudioQueueDataSource.h */,
				FA417DE217C7819B0083F737 /* ABAudioQueue.h */,
				FA417DE317C7819B0083F737 /* ABAudioQueue.m */,
				FA417DE417C7819B0083F737 /* Builder */,
				FA701BCD1981559200D3EB2D /* Helper */,
			);
			path = Queue;
			sourceTree = "<group>";
		};
		FA417DE417C7819B0083F737 /* Builder */ = {
			isa = PBXGroup;
			children = (
				FA417DE517C7819B0083F737 /* ABAudioQueueBuilder.h */,
				FA417DE617C7819B0083F737 /* ABAudioQueueBuilder.m */,
			);
			path = Builder;
			sourceTree = "<group>";
		};
		FA417DE717C7819B0083F737 /* Time */ = {
			isa = PBXGroup;
			children = (
				FA417DE817C7819B0083F737 /* ABAudioQueueTime.h */,
				FA417DE917C7819B0083F737 /* ABAudioQueueTime.m */,
			);
			path = Time;
			sourceTree = "<group>";
		};
		FA417DEA17C7819B0083F737 /* Reader */ = {
			isa = PBXGroup;
			children = (
				FA417DEB17C7819B0083F737 /* Builder */,
				FA417DEE17C7819B0083F737 /* File */,
			);
			path = Reader;
			sourceTree = "<group>";
		};
		FA417DEB17C7819B0083F737 /* Builder */ = {
			isa = PBXGroup;
			children = (
				FA417DEC17C7819B0083F737 /* ABAudioUnitBuilder.h */,
				FA417DED17C7819B0083F737 /* ABAudioUnitBuilder.m */,
			);
			path = Builder;
			sourceTree = "<group>";
		};
		FA417DEE17C7819B0083F737 /* File */ = {
			isa = PBXGroup;
			children = (
				FA417DEF17C7819B0083F737 /* ABAudioFileReader.h */,
				FA417DF017C7819B0083F737 /* ABAudioFileReader.m */,
				FAF50D8F180D519600DAE962 /* ABSeekableFileReader.h */,
				FAF50D90180D519600DAE962 /* ABSeekableFileReader.m */,
			);
			path = File;
			sourceTree = "<group>";
		};
		FA701BCD1981559200D3EB2D /* Helper */ = {
			isa = PBXGroup;
			children = (
				FA701BCA1981558700D3EB2D /* ABAudioQueueHelper.h */,
				FA701BCB1981558700D3EB2D /* ABAudioQueueHelper.m */,
				FA417DE717C7819B0083F737 /* Time */,
			);
			name = Helper;
			sourceTree = "<group>";
		};
		FAA0237417BE674000C33346 /* Mac Audio Path */ = {
			isa = PBXGroup;
			children = (
				FAA0237317BE673900C33346 /* ABMacAudioPath.h */,
			);
			name = "Mac Audio Path";
			sourceTree = "<group>";
		};
		FAA0237617BE67EF00C33346 /* iOS Audio Path */ = {
			isa = PBXGroup;
			children = (
				FAA0237517BE67E400C33346 /* ABIOSAudioPath.h */,
			);
			name = "iOS Audio Path";
			sourceTree = "<group>";
		};
		FAFAE1E2178FF7A5009B48E3 /* Other Frameworks */ = {
			isa = PBXGroup;
			children = (
				FAFAE1E3178FF7A5009B48E3 /* AppKit.framework */,
				FAFAE1E4178FF7A5009B48E3 /* CoreData.framework */,
				FAFAE1E5178FF7A5009B48E3 /* Foundation.framework */,
			);
			name = "Other Frameworks";
			sourceTree = "<group>";
		};
		FAFAE1E6178FF7A5009B48E3 /* ABAudioPlayerMac */ = {
			isa = PBXGroup;
			children = (
				FAA0237417BE674000C33346 /* Mac Audio Path */,
				FAFAE1FE178FF85A009B48E3 /* Controllers */,
				FAFAE1FB178FF7C7009B48E3 /* App Delegate */,
				FAFAE1FC178FF7D0009B48E3 /* Resources */,
				FAFAE1E7178FF7A5009B48E3 /* Supporting Files */,
			);
			path = ABAudioPlayerMac;
			sourceTree = "<group>";
		};
		FAFAE1E7178FF7A5009B48E3 /* Supporting Files */ = {
			isa = PBXGroup;
			children = (
				FAFAE1E8178FF7A5009B48E3 /* ABAudioPlayerMac-Info.plist */,
				FAFAE1E9178FF7A5009B48E3 /* InfoPlist.strings */,
				FAFAE1EC178FF7A5009B48E3 /* main.m */,
				FAFAE1EE178FF7A5009B48E3 /* ABAudioPlayerMac-Prefix.pch */,
				FAFAE1EF178FF7A5009B48E3 /* Credits.rtf */,
			);
			name = "Supporting Files";
			sourceTree = "<group>";
		};
		FAFAE1FB178FF7C7009B48E3 /* App Delegate */ = {
			isa = PBXGroup;
			children = (
				FAFAE1F2178FF7A5009B48E3 /* ABAppDelegate.h */,
				FAFAE1F3178FF7A5009B48E3 /* ABAppDelegate.m */,
			);
			name = "App Delegate";
			sourceTree = "<group>";
		};
		FAFAE1FC178FF7D0009B48E3 /* Resources */ = {
			isa = PBXGroup;
			children = (
				FAFAE1FD178FF7DD009B48E3 /* Menu */,
			);
			name = Resources;
			sourceTree = "<group>";
		};
		FAFAE1FD178FF7DD009B48E3 /* Menu */ = {
			isa = PBXGroup;
			children = (
				FAFAE1F5178FF7A5009B48E3 /* MainMenu.xib */,
			);
			name = Menu;
			sourceTree = "<group>";
		};
		FAFAE1FE178FF85A009B48E3 /* Controllers */ = {
			isa = PBXGroup;
			children = (
				FAFAE1FF17901070009B48E3 /* Window */,
				FAFAE20817901119009B48E3 /* Main */,
				FAFAE20E17901714009B48E3 /* Categories */,
			);
			name = Controllers;
			sourceTree = "<group>";
		};
		FAFAE1FF17901070009B48E3 /* Window */ = {
			isa = PBXGroup;
			children = (
				FAFAE203179010C1009B48E3 /* ABWindowController.h */,
				FAFAE204179010C1009B48E3 /* ABWindowController.m */,
				FAFAE205179010C1009B48E3 /* ABWindowController.xib */,
			);
			name = Window;
			sourceTree = "<group>";
		};
		FAFAE20817901119009B48E3 /* Main */ = {
			isa = PBXGroup;
			children = (
				FAFAE20917901155009B48E3 /* ABPlayerViewController.h */,
				FAFAE20A17901155009B48E3 /* ABPlayerViewController.m */,
				FAFAE20B17901155009B48E3 /* ABPlayerViewController.xib */,
			);
			name = Main;
			sourceTree = "<group>";
		};
		FAFAE20E17901714009B48E3 /* Categories */ = {
			isa = PBXGroup;
			children = (
				FAFAE20F179017D9009B48E3 /* NSWindowController+Controller.h */,
				FAFAE210179017D9009B48E3 /* NSWindowController+Controller.m */,
				FAFAE21217901856009B48E3 /* NSViewController+Controller.h */,
				FAFAE21317901857009B48E3 /* NSViewController+Controller.m */,
			);
			name = Categories;
			sourceTree = "<group>";
		};
/* End PBXGroup section */

/* Begin PBXNativeTarget section */
		FA059943178F040100374DD5 /* ABAudioPlayerApp */ = {
			isa = PBXNativeTarget;
			buildConfigurationList = FA059961178F040100374DD5 /* Build configuration list for PBXNativeTarget "ABAudioPlayerApp" */;
			buildPhases = (
				AA18738A2E034405A8F64F0E /* Check Pods Manifest.lock */,
				FA059940178F040100374DD5 /* Sources */,
				FA059941178F040100374DD5 /* Frameworks */,
				FA059942178F040100374DD5 /* Resources */,
				5FBD385AE2A347ABB20C8544 /* Copy Pods Resources */,
			);
			buildRules = (
			);
			dependencies = (
			);
			name = ABAudioPlayerApp;
			productName = ABAudioPlayerApp;
			productReference = FA059944178F040100374DD5 /* ABAudioPlayerApp.app */;
			productType = "com.apple.product-type.application";
		};
		FAFAE1DE178FF7A5009B48E3 /* ABAudioPlayerMac */ = {
			isa = PBXNativeTarget;
			buildConfigurationList = FAFAE1FA178FF7A5009B48E3 /* Build configuration list for PBXNativeTarget "ABAudioPlayerMac" */;
			buildPhases = (
				C61B963C8DEA4E1EB308E447 /* Check Pods Manifest.lock */,
				FAFAE1DB178FF7A5009B48E3 /* Sources */,
				FAFAE1DC178FF7A5009B48E3 /* Frameworks */,
				FAFAE1DD178FF7A5009B48E3 /* Resources */,
				9873DE6BAAB643DABE13F5D0 /* Copy Pods Resources */,
			);
			buildRules = (
			);
			dependencies = (
			);
			name = ABAudioPlayerMac;
			productName = ABAudioPlayerMac;
			productReference = FAFAE1DF178FF7A5009B48E3 /* ABAudioPlayerMac.app */;
			productType = "com.apple.product-type.application";
		};
/* End PBXNativeTarget section */

/* Begin PBXProject section */
		FA05993C178F040100374DD5 /* Project object */ = {
			isa = PBXProject;
			attributes = {
				CLASSPREFIX = AB;
				LastUpgradeCheck = 0510;
				ORGANIZATIONNAME = okolodev;
			};
			buildConfigurationList = FA05993F178F040100374DD5 /* Build configuration list for PBXProject "ABAudioPlayerApp" */;
			compatibilityVersion = "Xcode 3.2";
			developmentRegion = English;
			hasScannedForEncodings = 0;
			knownRegions = (
				en,
			);
			mainGroup = FA05993B178F040100374DD5;
			productRefGroup = FA059945178F040100374DD5 /* Products */;
			projectDirPath = "";
			projectRoot = "";
			targets = (
				FA059943178F040100374DD5 /* ABAudioPlayerApp */,
				FAFAE1DE178FF7A5009B48E3 /* ABAudioPlayerMac */,
			);
		};
/* End PBXProject section */

/* Begin PBXResourcesBuildPhase section */
		FA059942178F040100374DD5 /* Resources */ = {
			isa = PBXResourcesBuildPhase;
			buildActionMask = 2147483647;
			files = (
				FA059952178F040100374DD5 /* InfoPlist.strings in Resources */,
				FA05995A178F040100374DD5 /* Default.png in Resources */,
				FA05995C178F040100374DD5 /* Default@2x.png in Resources */,
				FAF50D89180D359400DAE962 /* Images.xcassets in Resources */,
				FA05995E178F040100374DD5 /* Default-568h@2x.png in Resources */,
				FAF50D8B180D35B400DAE962 /* Storyboard.storyboard in Resources */,
			);
			runOnlyForDeploymentPostprocessing = 0;
		};
		FAFAE1DD178FF7A5009B48E3 /* Resources */ = {
			isa = PBXResourcesBuildPhase;
			buildActionMask = 2147483647;
			files = (
				FAFAE1EB178FF7A5009B48E3 /* InfoPlist.strings in Resources */,
				FAFAE1F1178FF7A5009B48E3 /* Credits.rtf in Resources */,
				FAFAE1F7178FF7A5009B48E3 /* MainMenu.xib in Resources */,
				FAFAE207179010C1009B48E3 /* ABWindowController.xib in Resources */,
				FAFAE20D17901155009B48E3 /* ABPlayerViewController.xib in Resources */,
			);
			runOnlyForDeploymentPostprocessing = 0;
		};
/* End PBXResourcesBuildPhase section */

/* Begin PBXShellScriptBuildPhase section */
		5FBD385AE2A347ABB20C8544 /* Copy Pods Resources */ = {
			isa = PBXShellScriptBuildPhase;
			buildActionMask = 2147483647;
			files = (
			);
			inputPaths = (
			);
			name = "Copy Pods Resources";
			outputPaths = (
			);
			runOnlyForDeploymentPostprocessing = 0;
			shellPath = /bin/sh;
			shellScript = "\"${SRCROOT}/Pods/Pods-ABAudioPlayerApp-resources.sh\"\n";
			showEnvVarsInLog = 0;
		};
		9873DE6BAAB643DABE13F5D0 /* Copy Pods Resources */ = {
			isa = PBXShellScriptBuildPhase;
			buildActionMask = 2147483647;
			files = (
			);
			inputPaths = (
			);
			name = "Copy Pods Resources";
			outputPaths = (
			);
			runOnlyForDeploymentPostprocessing = 0;
			shellPath = /bin/sh;
			shellScript = "\"${SRCROOT}/Pods/Pods-ABAudioPlayerMac-resources.sh\"\n";
			showEnvVarsInLog = 0;
		};
		AA18738A2E034405A8F64F0E /* Check Pods Manifest.lock */ = {
			isa = PBXShellScriptBuildPhase;
			buildActionMask = 2147483647;
			files = (
			);
			inputPaths = (
			);
			name = "Check Pods Manifest.lock";
			outputPaths = (
			);
			runOnlyForDeploymentPostprocessing = 0;
			shellPath = /bin/sh;
			shellScript = "diff \"${PODS_ROOT}/../Podfile.lock\" \"${PODS_ROOT}/Manifest.lock\" > /dev/null\nif [[ $? != 0 ]] ; then\n    cat << EOM\nerror: The sandbox is not in sync with the Podfile.lock. Run 'pod install' or update your CocoaPods installation.\nEOM\n    exit 1\nfi\n";
			showEnvVarsInLog = 0;
		};
		C61B963C8DEA4E1EB308E447 /* Check Pods Manifest.lock */ = {
			isa = PBXShellScriptBuildPhase;
			buildActionMask = 2147483647;
			files = (
			);
			inputPaths = (
			);
			name = "Check Pods Manifest.lock";
			outputPaths = (
			);
			runOnlyForDeploymentPostprocessing = 0;
			shellPath = /bin/sh;
			shellScript = "diff \"${PODS_ROOT}/../Podfile.lock\" \"${PODS_ROOT}/Manifest.lock\" > /dev/null\nif [[ $? != 0 ]] ; then\n    cat << EOM\nerror: The sandbox is not in sync with the Podfile.lock. Run 'pod install' or update your CocoaPods installation.\nEOM\n    exit 1\nfi\n";
			showEnvVarsInLog = 0;
		};
/* End PBXShellScriptBuildPhase section */

/* Begin PBXSourcesBuildPhase section */
		FA059940178F040100374DD5 /* Sources */ = {
			isa = PBXSourcesBuildPhase;
			buildActionMask = 2147483647;
			files = (
				FA059954178F040100374DD5 /* main.m in Sources */,
				FA701BCC1981558700D3EB2D /* ABAudioQueueHelper.m in Sources */,
				FAF50D91180D519600DAE962 /* ABSeekableFileReader.m in Sources */,
				FA059958178F040100374DD5 /* ABAppDelegate.m in Sources */,
				FA059969178F04C500374DD5 /* ABMainViewController.m in Sources */,
				FA417DF117C7819B0083F737 /* NSDictionary+UTF8Key.m in Sources */,
				FA417DF317C7819B0083F737 /* NSError+ABAudioFileReader.m in Sources */,
				FA417DF517C7819B0083F737 /* NSError+ABAudioPlayer.m in Sources */,
				FA417DF717C7819B0083F737 /* NSError+ABAudioQueue.m in Sources */,
				FA417DF917C7819B0083F737 /* NSError+ABAudioReader.m in Sources */,
				FA417DFB17C7819B0083F737 /* NSError+Reason.m in Sources */,
				FA417DFD17C7819B0083F737 /* NSString+TimeInterval.m in Sources */,
				FA0DC7AB1818577200048C0A /* ABAudioMagicCookie.m in Sources */,
				FA417DFF17C7819B0083F737 /* NSString+URL.m in Sources */,
				FA417E0117C7819B0083F737 /* ABExtensionsHelper.m in Sources */,
				FA417E0317C7819B0083F737 /* ABAudioBuffer.m in Sources */,
				FA417E0517C7819B0083F737 /* ABAudioFormat.m in Sources */,
				FA417E0717C7819B0083F737 /* ABAudioMetadata.m in Sources */,
				FA417E0917C7819B0083F737 /* ABAudioPlayer.m in Sources */,
				FA417E0B17C7819B0083F737 /* ABAudioQueue.m in Sources */,
				FA417E0D17C7819B0083F737 /* ABAudioQueueBuilder.m in Sources */,
				FA417E0F17C7819B0083F737 /* ABAudioQueueTime.m in Sources */,
				FA417E1117C7819B0083F737 /* ABAudioUnitBuilder.m in Sources */,
				FA417E1317C7819B0083F737 /* ABAudioFileReader.m in Sources */,
			);
			runOnlyForDeploymentPostprocessing = 0;
		};
		FAFAE1DB178FF7A5009B48E3 /* Sources */ = {
			isa = PBXSourcesBuildPhase;
			buildActionMask = 2147483647;
			files = (
				FAFAE1ED178FF7A5009B48E3 /* main.m in Sources */,
				FAFAE1F4178FF7A5009B48E3 /* ABAppDelegate.m in Sources */,
				FAFAE206179010C1009B48E3 /* ABWindowController.m in Sources */,
				FAFAE20C17901155009B48E3 /* ABPlayerViewController.m in Sources */,
				FAFAE211179017D9009B48E3 /* NSWindowController+Controller.m in Sources */,
				FAFAE21417901857009B48E3 /* NSViewController+Controller.m in Sources */,
				FA417DF217C7819B0083F737 /* NSDictionary+UTF8Key.m in Sources */,
				FA417DF417C7819B0083F737 /* NSError+ABAudioFileReader.m in Sources */,
				FA417DF617C7819B0083F737 /* NSError+ABAudioPlayer.m in Sources */,
				FA417DF817C7819B0083F737 /* NSError+ABAudioQueue.m in Sources */,
				FA417DFA17C7819B0083F737 /* NSError+ABAudioReader.m in Sources */,
				FA417DFC17C7819B0083F737 /* NSError+Reason.m in Sources */,
				FA417DFE17C7819B0083F737 /* NSString+TimeInterval.m in Sources */,
				FA417E0017C7819B0083F737 /* NSString+URL.m in Sources */,
				FA417E0217C7819B0083F737 /* ABExtensionsHelper.m in Sources */,
				FA417E0417C7819B0083F737 /* ABAudioBuffer.m in Sources */,
				FA417E0617C7819B0083F737 /* ABAudioFormat.m in Sources */,
				FA417E0817C7819B0083F737 /* ABAudioMetadata.m in Sources */,
				FA417E0A17C7819B0083F737 /* ABAudioPlayer.m in Sources */,
				FA0DC7AC1818577200048C0A /* ABAudioMagicCookie.m in Sources */,
				FA417E0C17C7819B0083F737 /* ABAudioQueue.m in Sources */,
				FAF50D92180D519600DAE962 /* ABSeekableFileReader.m in Sources */,
				FA417E0E17C7819B0083F737 /* ABAudioQueueBuilder.m in Sources */,
				FA417E1017C7819B0083F737 /* ABAudioQueueTime.m in Sources */,
				FA417E1217C7819B0083F737 /* ABAudioUnitBuilder.m in Sources */,
				FA417E1417C7819B0083F737 /* ABAudioFileReader.m in Sources */,
			);
			runOnlyForDeploymentPostprocessing = 0;
		};
/* End PBXSourcesBuildPhase section */

/* Begin PBXVariantGroup section */
		FA059950178F040100374DD5 /* InfoPlist.strings */ = {
			isa = PBXVariantGroup;
			children = (
				FA059951178F040100374DD5 /* en */,
			);
			name = InfoPlist.strings;
			sourceTree = "<group>";
		};
		FAFAE1E9178FF7A5009B48E3 /* InfoPlist.strings */ = {
			isa = PBXVariantGroup;
			children = (
				FAFAE1EA178FF7A5009B48E3 /* en */,
			);
			name = InfoPlist.strings;
			sourceTree = "<group>";
		};
		FAFAE1EF178FF7A5009B48E3 /* Credits.rtf */ = {
			isa = PBXVariantGroup;
			children = (
				FAFAE1F0178FF7A5009B48E3 /* en */,
			);
			name = Credits.rtf;
			sourceTree = "<group>";
		};
		FAFAE1F5178FF7A5009B48E3 /* MainMenu.xib */ = {
			isa = PBXVariantGroup;
			children = (
				FAFAE1F6178FF7A5009B48E3 /* en */,
			);
			name = MainMenu.xib;
			sourceTree = "<group>";
		};
/* End PBXVariantGroup section */

/* Begin XCBuildConfiguration section */
		FA05995F178F040100374DD5 /* Debug */ = {
			isa = XCBuildConfiguration;
			buildSettings = {
				ALWAYS_SEARCH_USER_PATHS = NO;
				CLANG_CXX_LANGUAGE_STANDARD = "gnu++0x";
				CLANG_CXX_LIBRARY = "libc++";
				CLANG_ENABLE_OBJC_ARC = YES;
				CLANG_WARN_CONSTANT_CONVERSION = YES;
				CLANG_WARN_EMPTY_BODY = YES;
				CLANG_WARN_ENUM_CONVERSION = YES;
				CLANG_WARN_INT_CONVERSION = YES;
				CLANG_WARN__DUPLICATE_METHOD_MATCH = YES;
				"CODE_SIGN_IDENTITY[sdk=iphoneos*]" = "iPhone Developer";
				COPY_PHASE_STRIP = NO;
				GCC_C_LANGUAGE_STANDARD = gnu99;
				GCC_DYNAMIC_NO_PIC = NO;
				GCC_OPTIMIZATION_LEVEL = 0;
				GCC_PREPROCESSOR_DEFINITIONS = (
					"DEBUG=1",
					"$(inherited)",
				);
				GCC_SYMBOLS_PRIVATE_EXTERN = NO;
				GCC_WARN_ABOUT_RETURN_TYPE = YES;
				GCC_WARN_UNINITIALIZED_AUTOS = YES;
				GCC_WARN_UNUSED_VARIABLE = YES;
				IPHONEOS_DEPLOYMENT_TARGET = 6.1;
				ONLY_ACTIVE_ARCH = YES;
				SDKROOT = iphoneos;
			};
			name = Debug;
		};
		FA059960178F040100374DD5 /* Release */ = {
			isa = XCBuildConfiguration;
			buildSettings = {
				ALWAYS_SEARCH_USER_PATHS = NO;
				CLANG_CXX_LANGUAGE_STANDARD = "gnu++0x";
				CLANG_CXX_LIBRARY = "libc++";
				CLANG_ENABLE_OBJC_ARC = YES;
				CLANG_WARN_CONSTANT_CONVERSION = YES;
				CLANG_WARN_EMPTY_BODY = YES;
				CLANG_WARN_ENUM_CONVERSION = YES;
				CLANG_WARN_INT_CONVERSION = YES;
				CLANG_WARN__DUPLICATE_METHOD_MATCH = YES;
				"CODE_SIGN_IDENTITY[sdk=iphoneos*]" = "iPhone Developer";
				COPY_PHASE_STRIP = YES;
				GCC_C_LANGUAGE_STANDARD = gnu99;
				GCC_WARN_ABOUT_RETURN_TYPE = YES;
				GCC_WARN_UNINITIALIZED_AUTOS = YES;
				GCC_WARN_UNUSED_VARIABLE = YES;
				IPHONEOS_DEPLOYMENT_TARGET = 6.1;
				OTHER_CFLAGS = "-DNS_BLOCK_ASSERTIONS=1";
				SDKROOT = iphoneos;
				VALIDATE_PRODUCT = YES;
			};
			name = Release;
		};
		FA059962178F040100374DD5 /* Debug */ = {
			isa = XCBuildConfiguration;
			baseConfigurationReference = 6A25045D40324D7EA40FFF16 /* Pods-ABAudioPlayerApp.xcconfig */;
			buildSettings = {
				ASSETCATALOG_COMPILER_APPICON_NAME = AppIcon;
				ASSETCATALOG_COMPILER_LAUNCHIMAGE_NAME = LaunchImage;
				GCC_PRECOMPILE_PREFIX_HEADER = YES;
				GCC_PREFIX_HEADER = "ABAudioPlayerApp/ABAudioPlayerApp-Prefix.pch";
				INFOPLIST_FILE = "ABAudioPlayerApp/ABAudioPlayerApp-Info.plist";
				IPHONEOS_DEPLOYMENT_TARGET = 6.0;
				PRODUCT_NAME = "$(TARGET_NAME)";
				WRAPPER_EXTENSION = app;
			};
			name = Debug;
		};
		FA059963178F040100374DD5 /* Release */ = {
			isa = XCBuildConfiguration;
			baseConfigurationReference = 6A25045D40324D7EA40FFF16 /* Pods-ABAudioPlayerApp.xcconfig */;
			buildSettings = {
				ASSETCATALOG_COMPILER_APPICON_NAME = AppIcon;
				ASSETCATALOG_COMPILER_LAUNCHIMAGE_NAME = LaunchImage;
				GCC_PRECOMPILE_PREFIX_HEADER = YES;
				GCC_PREFIX_HEADER = "ABAudioPlayerApp/ABAudioPlayerApp-Prefix.pch";
				INFOPLIST_FILE = "ABAudioPlayerApp/ABAudioPlayerApp-Info.plist";
				IPHONEOS_DEPLOYMENT_TARGET = 6.0;
				PRODUCT_NAME = "$(TARGET_NAME)";
				WRAPPER_EXTENSION = app;
			};
			name = Release;
		};
		FAFAE1F8178FF7A5009B48E3 /* Debug */ = {
			isa = XCBuildConfiguration;
			baseConfigurationReference = 6E397F3BCA1E465689883FC9 /* Pods-ABAudioPlayerMac.xcconfig */;
			buildSettings = {
				COMBINE_HIDPI_IMAGES = YES;
				FRAMEWORK_SEARCH_PATHS = (
					"$(inherited)",
					"\"$(SYSTEM_APPS_DIR)/Xcode.app/Contents/Developer/Library/Frameworks\"",
				);
				GCC_ENABLE_OBJC_EXCEPTIONS = YES;
				GCC_PRECOMPILE_PREFIX_HEADER = YES;
				GCC_PREFIX_HEADER = "ABAudioPlayerMac/ABAudioPlayerMac-Prefix.pch";
				GCC_WARN_64_TO_32_BIT_CONVERSION = YES;
				INFOPLIST_FILE = "ABAudioPlayerMac/ABAudioPlayerMac-Info.plist";
				MACOSX_DEPLOYMENT_TARGET = 10.8;
				PRODUCT_NAME = "$(TARGET_NAME)";
				SDKROOT = macosx;
				WRAPPER_EXTENSION = app;
			};
			name = Debug;
		};
		FAFAE1F9178FF7A5009B48E3 /* Release */ = {
			isa = XCBuildConfiguration;
			baseConfigurationReference = 6E397F3BCA1E465689883FC9 /* Pods-ABAudioPlayerMac.xcconfig */;
			buildSettings = {
				COMBINE_HIDPI_IMAGES = YES;
				DEBUG_INFORMATION_FORMAT = "dwarf-with-dsym";
				FRAMEWORK_SEARCH_PATHS = (
					"$(inherited)",
					"\"$(SYSTEM_APPS_DIR)/Xcode.app/Contents/Developer/Library/Frameworks\"",
				);
				GCC_ENABLE_OBJC_EXCEPTIONS = YES;
				GCC_PRECOMPILE_PREFIX_HEADER = YES;
				GCC_PREFIX_HEADER = "ABAudioPlayerMac/ABAudioPlayerMac-Prefix.pch";
				GCC_WARN_64_TO_32_BIT_CONVERSION = YES;
				INFOPLIST_FILE = "ABAudioPlayerMac/ABAudioPlayerMac-Info.plist";
				MACOSX_DEPLOYMENT_TARGET = 10.8;
				PRODUCT_NAME = "$(TARGET_NAME)";
				SDKROOT = macosx;
				WRAPPER_EXTENSION = app;
			};
			name = Release;
		};
/* End XCBuildConfiguration section */

/* Begin XCConfigurationList section */
		FA05993F178F040100374DD5 /* Build configuration list for PBXProject "ABAudioPlayerApp" */ = {
			isa = XCConfigurationList;
			buildConfigurations = (
				FA05995F178F040100374DD5 /* Debug */,
				FA059960178F040100374DD5 /* Release */,
			);
			defaultConfigurationIsVisible = 0;
			defaultConfigurationName = Release;
		};
		FA059961178F040100374DD5 /* Build configuration list for PBXNativeTarget "ABAudioPlayerApp" */ = {
			isa = XCConfigurationList;
			buildConfigurations = (
				FA059962178F040100374DD5 /* Debug */,
				FA059963178F040100374DD5 /* Release */,
			);
			defaultConfigurationIsVisible = 0;
			defaultConfigurationName = Release;
		};
		FAFAE1FA178FF7A5009B48E3 /* Build configuration list for PBXNativeTarget "ABAudioPlayerMac" */ = {
			isa = XCConfigurationList;
			buildConfigurations = (
				FAFAE1F8178FF7A5009B48E3 /* Debug */,
				FAFAE1F9178FF7A5009B48E3 /* Release */,
			);
			defaultConfigurationIsVisible = 0;
			defaultConfigurationName = Release;
		};
/* End XCConfigurationList section */
	};
	rootObject = FA05993C178F040100374DD5 /* Project object */;
}
