// !$*UTF8*$!
{
	archiveVersion = 1;
	classes = {
	};
	objectVersion = 46;
	objects = {

/* Begin PBXBuildFile section */
		FA059948178F040100374DD5 /* UIKit.framework in Frameworks */ = {isa = PBXBuildFile; fileRef = FA059947178F040100374DD5 /* UIKit.framework */; };
		FA05994A178F040100374DD5 /* Foundation.framework in Frameworks */ = {isa = PBXBuildFile; fileRef = FA059949178F040100374DD5 /* Foundation.framework */; };
		FA05994C178F040100374DD5 /* CoreGraphics.framework in Frameworks */ = {isa = PBXBuildFile; fileRef = FA05994B178F040100374DD5 /* CoreGraphics.framework */; };
		FA059952178F040100374DD5 /* InfoPlist.strings in Resources */ = {isa = PBXBuildFile; fileRef = FA059950178F040100374DD5 /* InfoPlist.strings */; };
		FA059954178F040100374DD5 /* main.m in Sources */ = {isa = PBXBuildFile; fileRef = FA059953178F040100374DD5 /* main.m */; };
		FA059958178F040100374DD5 /* ABAppDelegate.m in Sources */ = {isa = PBXBuildFile; fileRef = FA059957178F040100374DD5 /* ABAppDelegate.m */; };
		FA05995A178F040100374DD5 /* Default.png in Resources */ = {isa = PBXBuildFile; fileRef = FA059959178F040100374DD5 /* Default.png */; };
		FA05995C178F040100374DD5 /* Default@2x.png in Resources */ = {isa = PBXBuildFile; fileRef = FA05995B178F040100374DD5 /* Default@2x.png */; };
		FA05995E178F040100374DD5 /* Default-568h@2x.png in Resources */ = {isa = PBXBuildFile; fileRef = FA05995D178F040100374DD5 /* Default-568h@2x.png */; };
		FA059969178F04C500374DD5 /* ABMainViewController.m in Sources */ = {isa = PBXBuildFile; fileRef = FA059967178F04C500374DD5 /* ABMainViewController.m */; };
		FA05996A178F04C500374DD5 /* ABMainViewController.xib in Resources */ = {isa = PBXBuildFile; fileRef = FA059968178F04C500374DD5 /* ABMainViewController.xib */; };
		FA11709117B38FE500624CDE /* ABAudioBuffer.m in Sources */ = {isa = PBXBuildFile; fileRef = FA11708A17B38FE500624CDE /* ABAudioBuffer.m */; };
		FA11709217B38FE500624CDE /* ABAudioBuffer.m in Sources */ = {isa = PBXBuildFile; fileRef = FA11708A17B38FE500624CDE /* ABAudioBuffer.m */; };
		FA11709317B38FE500624CDE /* ABAudioFormat.m in Sources */ = {isa = PBXBuildFile; fileRef = FA11708D17B38FE500624CDE /* ABAudioFormat.m */; };
		FA11709417B38FE500624CDE /* ABAudioFormat.m in Sources */ = {isa = PBXBuildFile; fileRef = FA11708D17B38FE500624CDE /* ABAudioFormat.m */; };
		FA3C219417A10C8C001DC496 /* ABAudioPlayer.m in Sources */ = {isa = PBXBuildFile; fileRef = FA3C219317A10C8C001DC496 /* ABAudioPlayer.m */; };
		FA5886431796893C004C6B9E /* ABAudioQueue.m in Sources */ = {isa = PBXBuildFile; fileRef = FA5886421796893C004C6B9E /* ABAudioQueue.m */; };
		FA5886441796893C004C6B9E /* ABAudioQueue.m in Sources */ = {isa = PBXBuildFile; fileRef = FA5886421796893C004C6B9E /* ABAudioQueue.m */; };
		FA58864B17968A15004C6B9E /* ABAudioFileReader.m in Sources */ = {isa = PBXBuildFile; fileRef = FA58864A17968A15004C6B9E /* ABAudioFileReader.m */; };
		FA58864C17968A15004C6B9E /* ABAudioFileReader.m in Sources */ = {isa = PBXBuildFile; fileRef = FA58864A17968A15004C6B9E /* ABAudioFileReader.m */; };
		FA6CBF3917B4E30D00F78964 /* ABAudioQueueBuilder.m in Sources */ = {isa = PBXBuildFile; fileRef = FA6CBF3817B4E30D00F78964 /* ABAudioQueueBuilder.m */; };
		FA6CBF3A17B4E30D00F78964 /* ABAudioQueueBuilder.m in Sources */ = {isa = PBXBuildFile; fileRef = FA6CBF3817B4E30D00F78964 /* ABAudioQueueBuilder.m */; };
		FAA58D9D179EC10E0087A4CE /* AudioToolbox.framework in Frameworks */ = {isa = PBXBuildFile; fileRef = FAA58D9C179EC10E0087A4CE /* AudioToolbox.framework */; };
		FAA58D9F179EC1480087A4CE /* AVFoundation.framework in Frameworks */ = {isa = PBXBuildFile; fileRef = FAA58D9E179EC1480087A4CE /* AVFoundation.framework */; };
		FAFAE1E1178FF7A5009B48E3 /* Cocoa.framework in Frameworks */ = {isa = PBXBuildFile; fileRef = FAFAE1E0178FF7A5009B48E3 /* Cocoa.framework */; };
		FAFAE1EB178FF7A5009B48E3 /* InfoPlist.strings in Resources */ = {isa = PBXBuildFile; fileRef = FAFAE1E9178FF7A5009B48E3 /* InfoPlist.strings */; };
		FAFAE1ED178FF7A5009B48E3 /* main.m in Sources */ = {isa = PBXBuildFile; fileRef = FAFAE1EC178FF7A5009B48E3 /* main.m */; };
		FAFAE1F1178FF7A5009B48E3 /* Credits.rtf in Resources */ = {isa = PBXBuildFile; fileRef = FAFAE1EF178FF7A5009B48E3 /* Credits.rtf */; };
		FAFAE1F4178FF7A5009B48E3 /* ABAppDelegate.m in Sources */ = {isa = PBXBuildFile; fileRef = FAFAE1F3178FF7A5009B48E3 /* ABAppDelegate.m */; };
		FAFAE1F7178FF7A5009B48E3 /* MainMenu.xib in Resources */ = {isa = PBXBuildFile; fileRef = FAFAE1F5178FF7A5009B48E3 /* MainMenu.xib */; };
		FAFAE206179010C1009B48E3 /* ABWindowController.m in Sources */ = {isa = PBXBuildFile; fileRef = FAFAE204179010C1009B48E3 /* ABWindowController.m */; };
		FAFAE207179010C1009B48E3 /* ABWindowController.xib in Resources */ = {isa = PBXBuildFile; fileRef = FAFAE205179010C1009B48E3 /* ABWindowController.xib */; };
		FAFAE20C17901155009B48E3 /* ABPlayerViewController.m in Sources */ = {isa = PBXBuildFile; fileRef = FAFAE20A17901155009B48E3 /* ABPlayerViewController.m */; };
		FAFAE20D17901155009B48E3 /* ABPlayerViewController.xib in Resources */ = {isa = PBXBuildFile; fileRef = FAFAE20B17901155009B48E3 /* ABPlayerViewController.xib */; };
		FAFAE211179017D9009B48E3 /* NSWindowController+Controller.m in Sources */ = {isa = PBXBuildFile; fileRef = FAFAE210179017D9009B48E3 /* NSWindowController+Controller.m */; };
		FAFAE21417901857009B48E3 /* NSViewController+Controller.m in Sources */ = {isa = PBXBuildFile; fileRef = FAFAE21317901857009B48E3 /* NSViewController+Controller.m */; };
/* End PBXBuildFile section */

/* Begin PBXFileReference section */
		FA059944178F040100374DD5 /* ABAudioPlayerApp.app */ = {isa = PBXFileReference; explicitFileType = wrapper.application; includeInIndex = 0; path = ABAudioPlayerApp.app; sourceTree = BUILT_PRODUCTS_DIR; };
		FA059947178F040100374DD5 /* UIKit.framework */ = {isa = PBXFileReference; lastKnownFileType = wrapper.framework; name = UIKit.framework; path = System/Library/Frameworks/UIKit.framework; sourceTree = SDKROOT; };
		FA059949178F040100374DD5 /* Foundation.framework */ = {isa = PBXFileReference; lastKnownFileType = wrapper.framework; name = Foundation.framework; path = System/Library/Frameworks/Foundation.framework; sourceTree = SDKROOT; };
		FA05994B178F040100374DD5 /* CoreGraphics.framework */ = {isa = PBXFileReference; lastKnownFileType = wrapper.framework; name = CoreGraphics.framework; path = System/Library/Frameworks/CoreGraphics.framework; sourceTree = SDKROOT; };
		FA05994F178F040100374DD5 /* ABAudioPlayerApp-Info.plist */ = {isa = PBXFileReference; lastKnownFileType = text.plist.xml; path = "ABAudioPlayerApp-Info.plist"; sourceTree = "<group>"; };
		FA059951178F040100374DD5 /* en */ = {isa = PBXFileReference; lastKnownFileType = text.plist.strings; name = en; path = en.lproj/InfoPlist.strings; sourceTree = "<group>"; };
		FA059953178F040100374DD5 /* main.m */ = {isa = PBXFileReference; lastKnownFileType = sourcecode.c.objc; path = main.m; sourceTree = "<group>"; };
		FA059955178F040100374DD5 /* ABAudioPlayerApp-Prefix.pch */ = {isa = PBXFileReference; lastKnownFileType = sourcecode.c.h; path = "ABAudioPlayerApp-Prefix.pch"; sourceTree = "<group>"; };
		FA059956178F040100374DD5 /* ABAppDelegate.h */ = {isa = PBXFileReference; lastKnownFileType = sourcecode.c.h; path = ABAppDelegate.h; sourceTree = "<group>"; };
		FA059957178F040100374DD5 /* ABAppDelegate.m */ = {isa = PBXFileReference; lastKnownFileType = sourcecode.c.objc; path = ABAppDelegate.m; sourceTree = "<group>"; };
		FA059959178F040100374DD5 /* Default.png */ = {isa = PBXFileReference; lastKnownFileType = image.png; path = Default.png; sourceTree = "<group>"; };
		FA05995B178F040100374DD5 /* Default@2x.png */ = {isa = PBXFileReference; lastKnownFileType = image.png; path = "Default@2x.png"; sourceTree = "<group>"; };
		FA05995D178F040100374DD5 /* Default-568h@2x.png */ = {isa = PBXFileReference; lastKnownFileType = image.png; path = "Default-568h@2x.png"; sourceTree = "<group>"; };
		FA059966178F04C500374DD5 /* ABMainViewController.h */ = {isa = PBXFileReference; fileEncoding = 4; lastKnownFileType = sourcecode.c.h; path = ABMainViewController.h; sourceTree = "<group>"; };
		FA059967178F04C500374DD5 /* ABMainViewController.m */ = {isa = PBXFileReference; fileEncoding = 4; lastKnownFileType = sourcecode.c.objc; path = ABMainViewController.m; sourceTree = "<group>"; };
		FA059968178F04C500374DD5 /* ABMainViewController.xib */ = {isa = PBXFileReference; fileEncoding = 4; lastKnownFileType = file.xib; path = ABMainViewController.xib; sourceTree = "<group>"; };
		FA11708917B38FE500624CDE /* ABAudioBuffer.h */ = {isa = PBXFileReference; fileEncoding = 4; lastKnownFileType = sourcecode.c.h; path = ABAudioBuffer.h; sourceTree = "<group>"; };
		FA11708A17B38FE500624CDE /* ABAudioBuffer.m */ = {isa = PBXFileReference; fileEncoding = 4; lastKnownFileType = sourcecode.c.objc; path = ABAudioBuffer.m; sourceTree = "<group>"; };
		FA11708C17B38FE500624CDE /* ABAudioFormat.h */ = {isa = PBXFileReference; fileEncoding = 4; lastKnownFileType = sourcecode.c.h; path = ABAudioFormat.h; sourceTree = "<group>"; };
		FA11708D17B38FE500624CDE /* ABAudioFormat.m */ = {isa = PBXFileReference; fileEncoding = 4; lastKnownFileType = sourcecode.c.objc; path = ABAudioFormat.m; sourceTree = "<group>"; };
		FA3C219217A10C8C001DC496 /* ABAudioPlayer.h */ = {isa = PBXFileReference; fileEncoding = 4; lastKnownFileType = sourcecode.c.h; name = ABAudioPlayer.h; path = ../../Classes/Player/ABAudioPlayer.h; sourceTree = "<group>"; };
		FA3C219317A10C8C001DC496 /* ABAudioPlayer.m */ = {isa = PBXFileReference; fileEncoding = 4; lastKnownFileType = sourcecode.c.objc; name = ABAudioPlayer.m; path = ../../Classes/Player/ABAudioPlayer.m; sourceTree = "<group>"; };
		FA5886411796893C004C6B9E /* ABAudioQueue.h */ = {isa = PBXFileReference; fileEncoding = 4; lastKnownFileType = sourcecode.c.h; name = ABAudioQueue.h; path = ../../Classes/Queue/ABAudioQueue.h; sourceTree = "<group>"; };
		FA5886421796893C004C6B9E /* ABAudioQueue.m */ = {isa = PBXFileReference; fileEncoding = 4; lastKnownFileType = sourcecode.c.objc; name = ABAudioQueue.m; path = ../../Classes/Queue/ABAudioQueue.m; sourceTree = "<group>"; };
		FA588647179689B8004C6B9E /* ABAudioQueueDataSource.h */ = {isa = PBXFileReference; lastKnownFileType = sourcecode.c.h; path = ABAudioQueueDataSource.h; sourceTree = "<group>"; };
		FA58864917968A15004C6B9E /* ABAudioFileReader.h */ = {isa = PBXFileReference; fileEncoding = 4; lastKnownFileType = sourcecode.c.h; name = ABAudioFileReader.h; path = ../../Classes/Reader/ABAudioFileReader.h; sourceTree = "<group>"; };
		FA58864A17968A15004C6B9E /* ABAudioFileReader.m */ = {isa = PBXFileReference; fileEncoding = 4; lastKnownFileType = sourcecode.c.objc; name = ABAudioFileReader.m; path = ../../Classes/Reader/ABAudioFileReader.m; sourceTree = "<group>"; };
		FA6CBF3717B4E30D00F78964 /* ABAudioQueueBuilder.h */ = {isa = PBXFileReference; fileEncoding = 4; lastKnownFileType = sourcecode.c.h; name = ABAudioQueueBuilder.h; path = ../../Classes/Queue/Builder/ABAudioQueueBuilder.h; sourceTree = "<group>"; };
		FA6CBF3817B4E30D00F78964 /* ABAudioQueueBuilder.m */ = {isa = PBXFileReference; fileEncoding = 4; lastKnownFileType = sourcecode.c.objc; name = ABAudioQueueBuilder.m; path = ../../Classes/Queue/Builder/ABAudioQueueBuilder.m; sourceTree = "<group>"; };
		FA6CBF3C17B511CB00F78964 /* Trim.h */ = {isa = PBXFileReference; lastKnownFileType = sourcecode.c.h; name = Trim.h; path = ../../Classes/Common/Trim.h; sourceTree = "<group>"; };
		FA79467917A7F2A900BB0DFB /* ABAudioReaderProtocol.h */ = {isa = PBXFileReference; fileEncoding = 4; lastKnownFileType = sourcecode.c.h; name = ABAudioReaderProtocol.h; path = ../../Classes/Protocol/ABAudioReaderProtocol.h; sourceTree = "<group>"; };
		FAA58D9C179EC10E0087A4CE /* AudioToolbox.framework */ = {isa = PBXFileReference; lastKnownFileType = wrapper.framework; name = AudioToolbox.framework; path = System/Library/Frameworks/AudioToolbox.framework; sourceTree = SDKROOT; };
		FAA58D9E179EC1480087A4CE /* AVFoundation.framework */ = {isa = PBXFileReference; lastKnownFileType = wrapper.framework; name = AVFoundation.framework; path = System/Library/Frameworks/AVFoundation.framework; sourceTree = SDKROOT; };
		FAFAE1DF178FF7A5009B48E3 /* ABAudioPlayerMac.app */ = {isa = PBXFileReference; explicitFileType = wrapper.application; includeInIndex = 0; path = ABAudioPlayerMac.app; sourceTree = BUILT_PRODUCTS_DIR; };
		FAFAE1E0178FF7A5009B48E3 /* Cocoa.framework */ = {isa = PBXFileReference; lastKnownFileType = wrapper.framework; name = Cocoa.framework; path = Library/Frameworks/Cocoa.framework; sourceTree = DEVELOPER_DIR; };
		FAFAE1E3178FF7A5009B48E3 /* AppKit.framework */ = {isa = PBXFileReference; lastKnownFileType = wrapper.framework; name = AppKit.framework; path = Library/Frameworks/AppKit.framework; sourceTree = SDKROOT; };
		FAFAE1E4178FF7A5009B48E3 /* CoreData.framework */ = {isa = PBXFileReference; lastKnownFileType = wrapper.framework; name = CoreData.framework; path = Library/Frameworks/CoreData.framework; sourceTree = SDKROOT; };
		FAFAE1E5178FF7A5009B48E3 /* Foundation.framework */ = {isa = PBXFileReference; lastKnownFileType = wrapper.framework; name = Foundation.framework; path = Library/Frameworks/Foundation.framework; sourceTree = SDKROOT; };
		FAFAE1E8178FF7A5009B48E3 /* ABAudioPlayerMac-Info.plist */ = {isa = PBXFileReference; lastKnownFileType = text.plist.xml; path = "ABAudioPlayerMac-Info.plist"; sourceTree = "<group>"; };
		FAFAE1EA178FF7A5009B48E3 /* en */ = {isa = PBXFileReference; lastKnownFileType = text.plist.strings; name = en; path = en.lproj/InfoPlist.strings; sourceTree = "<group>"; };
		FAFAE1EC178FF7A5009B48E3 /* main.m */ = {isa = PBXFileReference; lastKnownFileType = sourcecode.c.objc; path = main.m; sourceTree = "<group>"; };
		FAFAE1EE178FF7A5009B48E3 /* ABAudioPlayerMac-Prefix.pch */ = {isa = PBXFileReference; lastKnownFileType = sourcecode.c.h; path = "ABAudioPlayerMac-Prefix.pch"; sourceTree = "<group>"; };
		FAFAE1F0178FF7A5009B48E3 /* en */ = {isa = PBXFileReference; lastKnownFileType = text.rtf; name = en; path = en.lproj/Credits.rtf; sourceTree = "<group>"; };
		FAFAE1F2178FF7A5009B48E3 /* ABAppDelegate.h */ = {isa = PBXFileReference; lastKnownFileType = sourcecode.c.h; path = ABAppDelegate.h; sourceTree = "<group>"; };
		FAFAE1F3178FF7A5009B48E3 /* ABAppDelegate.m */ = {isa = PBXFileReference; lastKnownFileType = sourcecode.c.objc; path = ABAppDelegate.m; sourceTree = "<group>"; };
		FAFAE1F6178FF7A5009B48E3 /* en */ = {isa = PBXFileReference; lastKnownFileType = file.xib; name = en; path = en.lproj/MainMenu.xib; sourceTree = "<group>"; };
		FAFAE203179010C1009B48E3 /* ABWindowController.h */ = {isa = PBXFileReference; fileEncoding = 4; lastKnownFileType = sourcecode.c.h; path = ABWindowController.h; sourceTree = "<group>"; };
		FAFAE204179010C1009B48E3 /* ABWindowController.m */ = {isa = PBXFileReference; fileEncoding = 4; lastKnownFileType = sourcecode.c.objc; path = ABWindowController.m; sourceTree = "<group>"; };
		FAFAE205179010C1009B48E3 /* ABWindowController.xib */ = {isa = PBXFileReference; fileEncoding = 4; lastKnownFileType = file.xib; path = ABWindowController.xib; sourceTree = "<group>"; };
		FAFAE20917901155009B48E3 /* ABPlayerViewController.h */ = {isa = PBXFileReference; fileEncoding = 4; lastKnownFileType = sourcecode.c.h; path = ABPlayerViewController.h; sourceTree = "<group>"; };
		FAFAE20A17901155009B48E3 /* ABPlayerViewController.m */ = {isa = PBXFileReference; fileEncoding = 4; lastKnownFileType = sourcecode.c.objc; path = ABPlayerViewController.m; sourceTree = "<group>"; };
		FAFAE20B17901155009B48E3 /* ABPlayerViewController.xib */ = {isa = PBXFileReference; fileEncoding = 4; lastKnownFileType = file.xib; path = ABPlayerViewController.xib; sourceTree = "<group>"; };
		FAFAE20F179017D9009B48E3 /* NSWindowController+Controller.h */ = {isa = PBXFileReference; fileEncoding = 4; lastKnownFileType = sourcecode.c.h; path = "NSWindowController+Controller.h"; sourceTree = "<group>"; };
		FAFAE210179017D9009B48E3 /* NSWindowController+Controller.m */ = {isa = PBXFileReference; fileEncoding = 4; lastKnownFileType = sourcecode.c.objc; path = "NSWindowController+Controller.m"; sourceTree = "<group>"; };
		FAFAE21217901856009B48E3 /* NSViewController+Controller.h */ = {isa = PBXFileReference; fileEncoding = 4; lastKnownFileType = sourcecode.c.h; path = "NSViewController+Controller.h"; sourceTree = "<group>"; };
		FAFAE21317901857009B48E3 /* NSViewController+Controller.m */ = {isa = PBXFileReference; fileEncoding = 4; lastKnownFileType = sourcecode.c.objc; path = "NSViewController+Controller.m"; sourceTree = "<group>"; };
/* End PBXFileReference section */

/* Begin PBXFrameworksBuildPhase section */
		FA059941178F040100374DD5 /* Frameworks */ = {
			isa = PBXFrameworksBuildPhase;
			buildActionMask = 2147483647;
			files = (
				FAA58D9F179EC1480087A4CE /* AVFoundation.framework in Frameworks */,
				FAA58D9D179EC10E0087A4CE /* AudioToolbox.framework in Frameworks */,
				FA059948178F040100374DD5 /* UIKit.framework in Frameworks */,
				FA05994A178F040100374DD5 /* Foundation.framework in Frameworks */,
				FA05994C178F040100374DD5 /* CoreGraphics.framework in Frameworks */,
			);
			runOnlyForDeploymentPostprocessing = 0;
		};
		FAFAE1DC178FF7A5009B48E3 /* Frameworks */ = {
			isa = PBXFrameworksBuildPhase;
			buildActionMask = 2147483647;
			files = (
				FAFAE1E1178FF7A5009B48E3 /* Cocoa.framework in Frameworks */,
			);
			runOnlyForDeploymentPostprocessing = 0;
		};
/* End PBXFrameworksBuildPhase section */

/* Begin PBXGroup section */
		FA05993B178F040100374DD5 = {
			isa = PBXGroup;
			children = (
				FA05994D178F040100374DD5 /* ABAudioPlayerApp */,
				FAFAE1E6178FF7A5009B48E3 /* ABAudioPlayerMac */,
				FA05FE681794442500DEC717 /* ABAudioPlayer */,
				FA059946178F040100374DD5 /* Frameworks */,
				FA059945178F040100374DD5 /* Products */,
			);
			sourceTree = "<group>";
		};
		FA059945178F040100374DD5 /* Products */ = {
			isa = PBXGroup;
			children = (
				FA059944178F040100374DD5 /* ABAudioPlayerApp.app */,
				FAFAE1DF178FF7A5009B48E3 /* ABAudioPlayerMac.app */,
			);
			name = Products;
			sourceTree = "<group>";
		};
		FA059946178F040100374DD5 /* Frameworks */ = {
			isa = PBXGroup;
			children = (
				FAA58D9E179EC1480087A4CE /* AVFoundation.framework */,
				FAA58D9C179EC10E0087A4CE /* AudioToolbox.framework */,
				FA059947178F040100374DD5 /* UIKit.framework */,
				FA059949178F040100374DD5 /* Foundation.framework */,
				FA05994B178F040100374DD5 /* CoreGraphics.framework */,
				FAFAE1E0178FF7A5009B48E3 /* Cocoa.framework */,
				FAFAE1E2178FF7A5009B48E3 /* Other Frameworks */,
			);
			name = Frameworks;
			sourceTree = "<group>";
		};
		FA05994D178F040100374DD5 /* ABAudioPlayerApp */ = {
			isa = PBXGroup;
			children = (
				FA059965178F048200374DD5 /* Controllers */,
				FA059964178F046700374DD5 /* App Delegate */,
				FA05994E178F040100374DD5 /* Supporting Files */,
			);
			path = ABAudioPlayerApp;
			sourceTree = "<group>";
		};
		FA05994E178F040100374DD5 /* Supporting Files */ = {
			isa = PBXGroup;
			children = (
				FA05994F178F040100374DD5 /* ABAudioPlayerApp-Info.plist */,
				FA059950178F040100374DD5 /* InfoPlist.strings */,
				FA059953178F040100374DD5 /* main.m */,
				FA059955178F040100374DD5 /* ABAudioPlayerApp-Prefix.pch */,
				FA059959178F040100374DD5 /* Default.png */,
				FA05995B178F040100374DD5 /* Default@2x.png */,
				FA05995D178F040100374DD5 /* Default-568h@2x.png */,
			);
			name = "Supporting Files";
			sourceTree = "<group>";
		};
		FA059964178F046700374DD5 /* App Delegate */ = {
			isa = PBXGroup;
			children = (
				FA059956178F040100374DD5 /* ABAppDelegate.h */,
				FA059957178F040100374DD5 /* ABAppDelegate.m */,
			);
			name = "App Delegate";
			sourceTree = "<group>";
		};
		FA059965178F048200374DD5 /* Controllers */ = {
			isa = PBXGroup;
			children = (
				FA059966178F04C500374DD5 /* ABMainViewController.h */,
				FA059967178F04C500374DD5 /* ABMainViewController.m */,
				FA059968178F04C500374DD5 /* ABMainViewController.xib */,
			);
			name = Controllers;
			sourceTree = "<group>";
		};
		FA05FE681794442500DEC717 /* ABAudioPlayer */ = {
			isa = PBXGroup;
			children = (
				FA79467817A7F26D00BB0DFB /* Protocol */,
				FA11708717B38FE500624CDE /* Data */,
				FA3C219117A10C69001DC496 /* Player */,
				FA588648179689C2004C6B9E /* Reader */,
				FA58864517968941004C6B9E /* Queue */,
				FA6CBF3D17B512FD00F78964 /* Common */,
			);
			name = ABAudioPlayer;
			sourceTree = "<group>";
		};
		FA11708717B38FE500624CDE /* Data */ = {
			isa = PBXGroup;
			children = (
				FA11708817B38FE500624CDE /* Buffer */,
				FA11708B17B38FE500624CDE /* Format */,
			);
			name = Data;
			path = ../../Classes/Data;
			sourceTree = "<group>";
		};
		FA11708817B38FE500624CDE /* Buffer */ = {
			isa = PBXGroup;
			children = (
				FA11708917B38FE500624CDE /* ABAudioBuffer.h */,
				FA11708A17B38FE500624CDE /* ABAudioBuffer.m */,
			);
			path = Buffer;
			sourceTree = "<group>";
		};
		FA11708B17B38FE500624CDE /* Format */ = {
			isa = PBXGroup;
			children = (
				FA11708C17B38FE500624CDE /* ABAudioFormat.h */,
				FA11708D17B38FE500624CDE /* ABAudioFormat.m */,
			);
			path = Format;
			sourceTree = "<group>";
		};
		FA3C219117A10C69001DC496 /* Player */ = {
			isa = PBXGroup;
			children = (
				FA3C219217A10C8C001DC496 /* ABAudioPlayer.h */,
				FA3C219317A10C8C001DC496 /* ABAudioPlayer.m */,
			);
			name = Player;
			sourceTree = "<group>";
		};
		FA58864517968941004C6B9E /* Queue */ = {
			isa = PBXGroup;
			children = (
				FA588647179689B8004C6B9E /* ABAudioQueueDataSource.h */,
				FA5886411796893C004C6B9E /* ABAudioQueue.h */,
				FA5886421796893C004C6B9E /* ABAudioQueue.m */,
				FA6CBF3B17B4E31500F78964 /* Builder */,
			);
			name = Queue;
			sourceTree = "<group>";
		};
		FA588648179689C2004C6B9E /* Reader */ = {
			isa = PBXGroup;
			children = (
				FA58864917968A15004C6B9E /* ABAudioFileReader.h */,
				FA58864A17968A15004C6B9E /* ABAudioFileReader.m */,
			);
			name = Reader;
			sourceTree = "<group>";
		};
		FA6CBF3B17B4E31500F78964 /* Builder */ = {
			isa = PBXGroup;
			children = (
				FA6CBF3717B4E30D00F78964 /* ABAudioQueueBuilder.h */,
				FA6CBF3817B4E30D00F78964 /* ABAudioQueueBuilder.m */,
			);
			name = Builder;
			sourceTree = "<group>";
		};
		FA6CBF3D17B512FD00F78964 /* Common */ = {
			isa = PBXGroup;
			children = (
				FA6CBF3C17B511CB00F78964 /* Trim.h */,
			);
			name = Common;
			sourceTree = "<group>";
		};
		FA79467817A7F26D00BB0DFB /* Protocol */ = {
			isa = PBXGroup;
			children = (
				FA79467917A7F2A900BB0DFB /* ABAudioReaderProtocol.h */,
			);
			name = Protocol;
			sourceTree = "<group>";
		};
		FAFAE1E2178FF7A5009B48E3 /* Other Frameworks */ = {
			isa = PBXGroup;
			children = (
				FAFAE1E3178FF7A5009B48E3 /* AppKit.framework */,
				FAFAE1E4178FF7A5009B48E3 /* CoreData.framework */,
				FAFAE1E5178FF7A5009B48E3 /* Foundation.framework */,
			);
			name = "Other Frameworks";
			sourceTree = "<group>";
		};
		FAFAE1E6178FF7A5009B48E3 /* ABAudioPlayerMac */ = {
			isa = PBXGroup;
			children = (
				FAFAE1FE178FF85A009B48E3 /* Controllers */,
				FAFAE1FB178FF7C7009B48E3 /* App Delegate */,
				FAFAE1FC178FF7D0009B48E3 /* Resources */,
				FAFAE1E7178FF7A5009B48E3 /* Supporting Files */,
			);
			path = ABAudioPlayerMac;
			sourceTree = "<group>";
		};
		FAFAE1E7178FF7A5009B48E3 /* Supporting Files */ = {
			isa = PBXGroup;
			children = (
				FAFAE1E8178FF7A5009B48E3 /* ABAudioPlayerMac-Info.plist */,
				FAFAE1E9178FF7A5009B48E3 /* InfoPlist.strings */,
				FAFAE1EC178FF7A5009B48E3 /* main.m */,
				FAFAE1EE178FF7A5009B48E3 /* ABAudioPlayerMac-Prefix.pch */,
				FAFAE1EF178FF7A5009B48E3 /* Credits.rtf */,
			);
			name = "Supporting Files";
			sourceTree = "<group>";
		};
		FAFAE1FB178FF7C7009B48E3 /* App Delegate */ = {
			isa = PBXGroup;
			children = (
				FAFAE1F2178FF7A5009B48E3 /* ABAppDelegate.h */,
				FAFAE1F3178FF7A5009B48E3 /* ABAppDelegate.m */,
			);
			name = "App Delegate";
			sourceTree = "<group>";
		};
		FAFAE1FC178FF7D0009B48E3 /* Resources */ = {
			isa = PBXGroup;
			children = (
				FAFAE1FD178FF7DD009B48E3 /* Menu */,
			);
			name = Resources;
			sourceTree = "<group>";
		};
		FAFAE1FD178FF7DD009B48E3 /* Menu */ = {
			isa = PBXGroup;
			children = (
				FAFAE1F5178FF7A5009B48E3 /* MainMenu.xib */,
			);
			name = Menu;
			sourceTree = "<group>";
		};
		FAFAE1FE178FF85A009B48E3 /* Controllers */ = {
			isa = PBXGroup;
			children = (
				FAFAE1FF17901070009B48E3 /* Window */,
				FAFAE20817901119009B48E3 /* Main */,
				FAFAE20E17901714009B48E3 /* Categories */,
			);
			name = Controllers;
			sourceTree = "<group>";
		};
		FAFAE1FF17901070009B48E3 /* Window */ = {
			isa = PBXGroup;
			children = (
				FAFAE203179010C1009B48E3 /* ABWindowController.h */,
				FAFAE204179010C1009B48E3 /* ABWindowController.m */,
				FAFAE205179010C1009B48E3 /* ABWindowController.xib */,
			);
			name = Window;
			sourceTree = "<group>";
		};
		FAFAE20817901119009B48E3 /* Main */ = {
			isa = PBXGroup;
			children = (
				FAFAE20917901155009B48E3 /* ABPlayerViewController.h */,
				FAFAE20A17901155009B48E3 /* ABPlayerViewController.m */,
				FAFAE20B17901155009B48E3 /* ABPlayerViewController.xib */,
			);
			name = Main;
			sourceTree = "<group>";
		};
		FAFAE20E17901714009B48E3 /* Categories */ = {
			isa = PBXGroup;
			children = (
				FAFAE20F179017D9009B48E3 /* NSWindowController+Controller.h */,
				FAFAE210179017D9009B48E3 /* NSWindowController+Controller.m */,
				FAFAE21217901856009B48E3 /* NSViewController+Controller.h */,
				FAFAE21317901857009B48E3 /* NSViewController+Controller.m */,
			);
			name = Categories;
			sourceTree = "<group>";
		};
/* End PBXGroup section */

/* Begin PBXNativeTarget section */
		FA059943178F040100374DD5 /* ABAudioPlayerApp */ = {
			isa = PBXNativeTarget;
			buildConfigurationList = FA059961178F040100374DD5 /* Build configuration list for PBXNativeTarget "ABAudioPlayerApp" */;
			buildPhases = (
				FA059940178F040100374DD5 /* Sources */,
				FA059941178F040100374DD5 /* Frameworks */,
				FA059942178F040100374DD5 /* Resources */,
			);
			buildRules = (
			);
			dependencies = (
			);
			name = ABAudioPlayerApp;
			productName = ABAudioPlayerApp;
			productReference = FA059944178F040100374DD5 /* ABAudioPlayerApp.app */;
			productType = "com.apple.product-type.application";
		};
		FAFAE1DE178FF7A5009B48E3 /* ABAudioPlayerMac */ = {
			isa = PBXNativeTarget;
			buildConfigurationList = FAFAE1FA178FF7A5009B48E3 /* Build configuration list for PBXNativeTarget "ABAudioPlayerMac" */;
			buildPhases = (
				FAFAE1DB178FF7A5009B48E3 /* Sources */,
				FAFAE1DC178FF7A5009B48E3 /* Frameworks */,
				FAFAE1DD178FF7A5009B48E3 /* Resources */,
			);
			buildRules = (
			);
			dependencies = (
			);
			name = ABAudioPlayerMac;
			productName = ABAudioPlayerMac;
			productReference = FAFAE1DF178FF7A5009B48E3 /* ABAudioPlayerMac.app */;
			productType = "com.apple.product-type.application";
		};
/* End PBXNativeTarget section */

/* Begin PBXProject section */
		FA05993C178F040100374DD5 /* Project object */ = {
			isa = PBXProject;
			attributes = {
				CLASSPREFIX = AB;
				LastUpgradeCheck = 0460;
				ORGANIZATIONNAME = okolodev;
			};
			buildConfigurationList = FA05993F178F040100374DD5 /* Build configuration list for PBXProject "ABAudioPlayerApp" */;
			compatibilityVersion = "Xcode 3.2";
			developmentRegion = English;
			hasScannedForEncodings = 0;
			knownRegions = (
				en,
			);
			mainGroup = FA05993B178F040100374DD5;
			productRefGroup = FA059945178F040100374DD5 /* Products */;
			projectDirPath = "";
			projectRoot = "";
			targets = (
				FA059943178F040100374DD5 /* ABAudioPlayerApp */,
				FAFAE1DE178FF7A5009B48E3 /* ABAudioPlayerMac */,
			);
		};
/* End PBXProject section */

/* Begin PBXResourcesBuildPhase section */
		FA059942178F040100374DD5 /* Resources */ = {
			isa = PBXResourcesBuildPhase;
			buildActionMask = 2147483647;
			files = (
				FA059952178F040100374DD5 /* InfoPlist.strings in Resources */,
				FA05995A178F040100374DD5 /* Default.png in Resources */,
				FA05995C178F040100374DD5 /* Default@2x.png in Resources */,
				FA05995E178F040100374DD5 /* Default-568h@2x.png in Resources */,
				FA05996A178F04C500374DD5 /* ABMainViewController.xib in Resources */,
			);
			runOnlyForDeploymentPostprocessing = 0;
		};
		FAFAE1DD178FF7A5009B48E3 /* Resources */ = {
			isa = PBXResourcesBuildPhase;
			buildActionMask = 2147483647;
			files = (
				FAFAE1EB178FF7A5009B48E3 /* InfoPlist.strings in Resources */,
				FAFAE1F1178FF7A5009B48E3 /* Credits.rtf in Resources */,
				FAFAE1F7178FF7A5009B48E3 /* MainMenu.xib in Resources */,
				FAFAE207179010C1009B48E3 /* ABWindowController.xib in Resources */,
				FAFAE20D17901155009B48E3 /* ABPlayerViewController.xib in Resources */,
			);
			runOnlyForDeploymentPostprocessing = 0;
		};
/* End PBXResourcesBuildPhase section */

/* Begin PBXSourcesBuildPhase section */
		FA059940178F040100374DD5 /* Sources */ = {
			isa = PBXSourcesBuildPhase;
			buildActionMask = 2147483647;
			files = (
				FA059954178F040100374DD5 /* main.m in Sources */,
				FA059958178F040100374DD5 /* ABAppDelegate.m in Sources */,
				FA059969178F04C500374DD5 /* ABMainViewController.m in Sources */,
				FA5886431796893C004C6B9E /* ABAudioQueue.m in Sources */,
				FA58864B17968A15004C6B9E /* ABAudioFileReader.m in Sources */,
				FA3C219417A10C8C001DC496 /* ABAudioPlayer.m in Sources */,
				FA11709117B38FE500624CDE /* ABAudioBuffer.m in Sources */,
				FA11709317B38FE500624CDE /* ABAudioFormat.m in Sources */,
				FA6CBF3917B4E30D00F78964 /* ABAudioQueueBuilder.m in Sources */,
			);
			runOnlyForDeploymentPostprocessing = 0;
		};
		FAFAE1DB178FF7A5009B48E3 /* Sources */ = {
			isa = PBXSourcesBuildPhase;
			buildActionMask = 2147483647;
			files = (
				FAFAE1ED178FF7A5009B48E3 /* main.m in Sources */,
				FAFAE1F4178FF7A5009B48E3 /* ABAppDelegate.m in Sources */,
				FAFAE206179010C1009B48E3 /* ABWindowController.m in Sources */,
				FAFAE20C17901155009B48E3 /* ABPlayerViewController.m in Sources */,
				FAFAE211179017D9009B48E3 /* NSWindowController+Controller.m in Sources */,
				FAFAE21417901857009B48E3 /* NSViewController+Controller.m in Sources */,
				FA5886441796893C004C6B9E /* ABAudioQueue.m in Sources */,
				FA58864C17968A15004C6B9E /* ABAudioFileReader.m in Sources */,
				FA11709217B38FE500624CDE /* ABAudioBuffer.m in Sources */,
				FA11709417B38FE500624CDE /* ABAudioFormat.m in Sources */,
				FA6CBF3A17B4E30D00F78964 /* ABAudioQueueBuilder.m in Sources */,
			);
			runOnlyForDeploymentPostprocessing = 0;
		};
/* End PBXSourcesBuildPhase section */

/* Begin PBXVariantGroup section */
		FA059950178F040100374DD5 /* InfoPlist.strings */ = {
			isa = PBXVariantGroup;
			children = (
				FA059951178F040100374DD5 /* en */,
			);
			name = InfoPlist.strings;
			sourceTree = "<group>";
		};
		FAFAE1E9178FF7A5009B48E3 /* InfoPlist.strings */ = {
			isa = PBXVariantGroup;
			children = (
				FAFAE1EA178FF7A5009B48E3 /* en */,
			);
			name = InfoPlist.strings;
			sourceTree = "<group>";
		};
		FAFAE1EF178FF7A5009B48E3 /* Credits.rtf */ = {
			isa = PBXVariantGroup;
			children = (
				FAFAE1F0178FF7A5009B48E3 /* en */,
			);
			name = Credits.rtf;
			sourceTree = "<group>";
		};
		FAFAE1F5178FF7A5009B48E3 /* MainMenu.xib */ = {
			isa = PBXVariantGroup;
			children = (
				FAFAE1F6178FF7A5009B48E3 /* en */,
			);
			name = MainMenu.xib;
			sourceTree = "<group>";
		};
/* End PBXVariantGroup section */

/* Begin XCBuildConfiguration section */
		FA05995F178F040100374DD5 /* Debug */ = {
			isa = XCBuildConfiguration;
			buildSettings = {
				ALWAYS_SEARCH_USER_PATHS = NO;
				CLANG_CXX_LANGUAGE_STANDARD = "gnu++0x";
				CLANG_CXX_LIBRARY = "libc++";
				CLANG_ENABLE_OBJC_ARC = YES;
				CLANG_WARN_CONSTANT_CONVERSION = YES;
				CLANG_WARN_EMPTY_BODY = YES;
				CLANG_WARN_ENUM_CONVERSION = YES;
				CLANG_WARN_INT_CONVERSION = YES;
				CLANG_WARN__DUPLICATE_METHOD_MATCH = YES;
				"CODE_SIGN_IDENTITY[sdk=iphoneos*]" = "iPhone Developer";
				COPY_PHASE_STRIP = NO;
				GCC_C_LANGUAGE_STANDARD = gnu99;
				GCC_DYNAMIC_NO_PIC = NO;
				GCC_OPTIMIZATION_LEVEL = 0;
				GCC_PREPROCESSOR_DEFINITIONS = (
					"DEBUG=1",
					"$(inherited)",
				);
				GCC_SYMBOLS_PRIVATE_EXTERN = NO;
				GCC_WARN_ABOUT_RETURN_TYPE = YES;
				GCC_WARN_UNINITIALIZED_AUTOS = YES;
				GCC_WARN_UNUSED_VARIABLE = YES;
				IPHONEOS_DEPLOYMENT_TARGET = 6.1;
				ONLY_ACTIVE_ARCH = YES;
				SDKROOT = iphoneos;
			};
			name = Debug;
		};
		FA059960178F040100374DD5 /* Release */ = {
			isa = XCBuildConfiguration;
			buildSettings = {
				ALWAYS_SEARCH_USER_PATHS = NO;
				CLANG_CXX_LANGUAGE_STANDARD = "gnu++0x";
				CLANG_CXX_LIBRARY = "libc++";
				CLANG_ENABLE_OBJC_ARC = YES;
				CLANG_WARN_CONSTANT_CONVERSION = YES;
				CLANG_WARN_EMPTY_BODY = YES;
				CLANG_WARN_ENUM_CONVERSION = YES;
				CLANG_WARN_INT_CONVERSION = YES;
				CLANG_WARN__DUPLICATE_METHOD_MATCH = YES;
				"CODE_SIGN_IDENTITY[sdk=iphoneos*]" = "iPhone Developer";
				COPY_PHASE_STRIP = YES;
				GCC_C_LANGUAGE_STANDARD = gnu99;
				GCC_WARN_ABOUT_RETURN_TYPE = YES;
				GCC_WARN_UNINITIALIZED_AUTOS = YES;
				GCC_WARN_UNUSED_VARIABLE = YES;
				IPHONEOS_DEPLOYMENT_TARGET = 6.1;
				OTHER_CFLAGS = "-DNS_BLOCK_ASSERTIONS=1";
				SDKROOT = iphoneos;
				VALIDATE_PRODUCT = YES;
			};
			name = Release;
		};
		FA059962178F040100374DD5 /* Debug */ = {
			isa = XCBuildConfiguration;
			buildSettings = {
				GCC_PRECOMPILE_PREFIX_HEADER = YES;
				GCC_PREFIX_HEADER = "ABAudioPlayerApp/ABAudioPlayerApp-Prefix.pch";
				INFOPLIST_FILE = "ABAudioPlayerApp/ABAudioPlayerApp-Info.plist";
				IPHONEOS_DEPLOYMENT_TARGET = 5.0;
				PRODUCT_NAME = "$(TARGET_NAME)";
				WRAPPER_EXTENSION = app;
			};
			name = Debug;
		};
		FA059963178F040100374DD5 /* Release */ = {
			isa = XCBuildConfiguration;
			buildSettings = {
				GCC_PRECOMPILE_PREFIX_HEADER = YES;
				GCC_PREFIX_HEADER = "ABAudioPlayerApp/ABAudioPlayerApp-Prefix.pch";
				INFOPLIST_FILE = "ABAudioPlayerApp/ABAudioPlayerApp-Info.plist";
				IPHONEOS_DEPLOYMENT_TARGET = 5.0;
				PRODUCT_NAME = "$(TARGET_NAME)";
				WRAPPER_EXTENSION = app;
			};
			name = Release;
		};
		FAFAE1F8178FF7A5009B48E3 /* Debug */ = {
			isa = XCBuildConfiguration;
			buildSettings = {
				ARCHS = "$(ARCHS_STANDARD_64_BIT)";
				COMBINE_HIDPI_IMAGES = YES;
				FRAMEWORK_SEARCH_PATHS = (
					"$(inherited)",
					"\"$(SYSTEM_APPS_DIR)/Xcode.app/Contents/Developer/Library/Frameworks\"",
				);
				GCC_ENABLE_OBJC_EXCEPTIONS = YES;
				GCC_PRECOMPILE_PREFIX_HEADER = YES;
				GCC_PREFIX_HEADER = "ABAudioPlayerMac/ABAudioPlayerMac-Prefix.pch";
				GCC_WARN_64_TO_32_BIT_CONVERSION = YES;
				INFOPLIST_FILE = "ABAudioPlayerMac/ABAudioPlayerMac-Info.plist";
				MACOSX_DEPLOYMENT_TARGET = 10.8;
				PRODUCT_NAME = "$(TARGET_NAME)";
				SDKROOT = macosx;
				WRAPPER_EXTENSION = app;
			};
			name = Debug;
		};
		FAFAE1F9178FF7A5009B48E3 /* Release */ = {
			isa = XCBuildConfiguration;
			buildSettings = {
				ARCHS = "$(ARCHS_STANDARD_64_BIT)";
				COMBINE_HIDPI_IMAGES = YES;
				DEBUG_INFORMATION_FORMAT = "dwarf-with-dsym";
				FRAMEWORK_SEARCH_PATHS = (
					"$(inherited)",
					"\"$(SYSTEM_APPS_DIR)/Xcode.app/Contents/Developer/Library/Frameworks\"",
				);
				GCC_ENABLE_OBJC_EXCEPTIONS = YES;
				GCC_PRECOMPILE_PREFIX_HEADER = YES;
				GCC_PREFIX_HEADER = "ABAudioPlayerMac/ABAudioPlayerMac-Prefix.pch";
				GCC_WARN_64_TO_32_BIT_CONVERSION = YES;
				INFOPLIST_FILE = "ABAudioPlayerMac/ABAudioPlayerMac-Info.plist";
				MACOSX_DEPLOYMENT_TARGET = 10.8;
				PRODUCT_NAME = "$(TARGET_NAME)";
				SDKROOT = macosx;
				WRAPPER_EXTENSION = app;
			};
			name = Release;
		};
/* End XCBuildConfiguration section */

/* Begin XCConfigurationList section */
		FA05993F178F040100374DD5 /* Build configuration list for PBXProject "ABAudioPlayerApp" */ = {
			isa = XCConfigurationList;
			buildConfigurations = (
				FA05995F178F040100374DD5 /* Debug */,
				FA059960178F040100374DD5 /* Release */,
			);
			defaultConfigurationIsVisible = 0;
			defaultConfigurationName = Release;
		};
		FA059961178F040100374DD5 /* Build configuration list for PBXNativeTarget "ABAudioPlayerApp" */ = {
			isa = XCConfigurationList;
			buildConfigurations = (
				FA059962178F040100374DD5 /* Debug */,
				FA059963178F040100374DD5 /* Release */,
			);
			defaultConfigurationIsVisible = 0;
			defaultConfigurationName = Release;
		};
		FAFAE1FA178FF7A5009B48E3 /* Build configuration list for PBXNativeTarget "ABAudioPlayerMac" */ = {
			isa = XCConfigurationList;
			buildConfigurations = (
				FAFAE1F8178FF7A5009B48E3 /* Debug */,
				FAFAE1F9178FF7A5009B48E3 /* Release */,
			);
			defaultConfigurationIsVisible = 0;
			defaultConfigurationName = Release;
		};
/* End XCConfigurationList section */
	};
	rootObject = FA05993C178F040100374DD5 /* Project object */;
}
